// !$*UTF8*$!
{
	archiveVersion = 1;
	classes = {
	};
	objectVersion = 46;
	objects = {

/* Begin PBXAggregateTarget section */
		8366A3C284804C13B16D2822 /* ZERO_CHECK */ = {
			isa = PBXAggregateTarget;
			buildConfigurationList = CF1BFCBA40004A2288EB0DA0 /* Build configuration list for PBXAggregateTarget "ZERO_CHECK" */;
			buildPhases = (
				9A22685AE8354B428AFDDA68 /* CMake Rules */,
			);
			dependencies = (
			);
			name = ZERO_CHECK;
			productName = ZERO_CHECK;
		};
		BFAFE8BCD8E646A1A2E89CB3 /* ALL_BUILD */ = {
			isa = PBXAggregateTarget;
			buildConfigurationList = 70C5E1D8D9C642BA89CBABFE /* Build configuration list for PBXAggregateTarget "ALL_BUILD" */;
			buildPhases = (
				F8CE70B18F434B03A3A225E1 /* CMake Rules */,
			);
			dependencies = (
				678F26E9D6A640A0991ACB90 /* PBXTargetDependency */,
				EF647E8E388A481D8DC9D31C /* PBXTargetDependency */,
				C774CB12658A4B11B9E59782 /* PBXTargetDependency */,
				EB35BCAEF1BE435B9FFF5F0A /* PBXTargetDependency */,
			);
			name = ALL_BUILD;
			productName = ALL_BUILD;
		};
/* End PBXAggregateTarget section */

/* Begin PBXBuildFile section */
		12757E3FA84C4BA79AD0F1A4 /* /Users/jmpews/project/HookZz/srcxx/core/modules/assembler/assembler.cc */ = {isa = PBXBuildFile; fileRef = 2DA8D8C0F3094E0192DE8694 /* /Users/jmpews/project/HookZz/srcxx/core/modules/assembler/assembler.cc */; };
		14CE498152034E138202E548 /* /Users/jmpews/project/HookZz/OneLib/stdcxx/LiteObject.cc */ = {isa = PBXBuildFile; fileRef = 0CB3247705584DA5803D2CF7 /* /Users/jmpews/project/HookZz/OneLib/stdcxx/LiteObject.cc */; };
		21A9268F627842E9B6E114C5 /* /Users/jmpews/project/HookZz/srcxx/UserMode/ExecMemory/clear-cache-tool-all.cc */ = {isa = PBXBuildFile; fileRef = 495DEC3030C14CAA8BFFC50D /* /Users/jmpews/project/HookZz/srcxx/UserMode/ExecMemory/clear-cache-tool-all.cc */; };
		2248A8104D1346F58E171220 /* /Users/jmpews/project/HookZz/srcxx/UserMode/PlatformInterface/Common/platform-posix.cc */ = {isa = PBXBuildFile; fileRef = 96FFC248AFA1424B9AFAB33A /* /Users/jmpews/project/HookZz/srcxx/UserMode/PlatformInterface/Common/platform-posix.cc */; };
		3516B0D5C856445B84B8604B /* /Users/jmpews/project/HookZz/OneLib/stdcxx/LiteMemOpt.cc */ = {isa = PBXBuildFile; fileRef = C19105D12A6D4C1D872E23F6 /* /Users/jmpews/project/HookZz/OneLib/stdcxx/LiteMemOpt.cc */; };
		39BC68CB4CDF47E2B18BDDEF /* /Users/jmpews/project/HookZz/CMakeLists.txt */ = {isa = PBXBuildFile; fileRef = 77E3AF4D9EB9471E84CFB89B /* /Users/jmpews/project/HookZz/CMakeLists.txt */; };
		3D9D495955074AB7AE58BB4F /* /Users/jmpews/project/HookZz/srcxx/ExecMemory/PageAllocator.cc */ = {isa = PBXBuildFile; fileRef = 77F977A6DCFE4E86AE1812FD /* /Users/jmpews/project/HookZz/srcxx/ExecMemory/PageAllocator.cc */; };
		3F4BEA126D744E5CAD060A50 /* /Users/jmpews/project/HookZz/srcxx/InstructionRelocation/arm64/ARM64InstructionRelocation.cc */ = {isa = PBXBuildFile; fileRef = 5F5BD6D10B5B40649C1F5BB1 /* /Users/jmpews/project/HookZz/srcxx/InstructionRelocation/arm64/ARM64InstructionRelocation.cc */; };
		4AFB3E9EC59F4416B1B2162E /* /Users/jmpews/project/HookZz/srcxx/core/modules/assembler/assembler-arm64.cc */ = {isa = PBXBuildFile; fileRef = 37D6A89BB67A483CB31B85A3 /* /Users/jmpews/project/HookZz/srcxx/core/modules/assembler/assembler-arm64.cc */; };
		563B9AB9ECDF4983A2C69D26 /* /Users/jmpews/project/HookZz/srcxx/UserMode/ExecMemory/code-patch-tool-darwin.cc */ = {isa = PBXBuildFile; fileRef = 9B8BF12D6D104ADFB3FE0E33 /* /Users/jmpews/project/HookZz/srcxx/UserMode/ExecMemory/code-patch-tool-darwin.cc */; };
		752994136292437F8C48EFC4 /* /Users/jmpews/project/HookZz/srcxx/core/arch/CpuRegister.cc */ = {isa = PBXBuildFile; fileRef = D827F366BF6D44F89D060F90 /* /Users/jmpews/project/HookZz/srcxx/core/arch/CpuRegister.cc */; };
		7A1873F5666C48AD9E9E8F52 /* /Users/jmpews/project/HookZz/srcxx/InterceptRoutingPlugin/FunctionInlineReplace/function-inline-replace.cc */ = {isa = PBXBuildFile; fileRef = D628734BF7CD4FDFA944F215 /* /Users/jmpews/project/HookZz/srcxx/InterceptRoutingPlugin/FunctionInlineReplace/function-inline-replace.cc */; };
		8422E0D630F94C21A506921A /* /Users/jmpews/project/HookZz/OneLib/stdcxx/LiteMutableArray.cc */ = {isa = PBXBuildFile; fileRef = E0CB3408C43348FB9CAA99E9 /* /Users/jmpews/project/HookZz/OneLib/stdcxx/LiteMutableArray.cc */; };
		93F2D867B5414AB494A689F2 /* /Users/jmpews/project/HookZz/srcxx/hookzz.cpp */ = {isa = PBXBuildFile; fileRef = 909509AA3C054585AEAF6040 /* /Users/jmpews/project/HookZz/srcxx/hookzz.cpp */; };
		A09FC9EBB12C42D08BAD7534 /* /Users/jmpews/project/HookZz/srcxx/core/arch/CpuFeature.cc */ = {isa = PBXBuildFile; fileRef = A96E79EC9A37473C8188C6F8 /* /Users/jmpews/project/HookZz/srcxx/core/arch/CpuFeature.cc */; };
		A340AF1D5AAC469BBDA78494 /* /Users/jmpews/project/HookZz/srcxx/InterceptRoutingPlugin/FunctionInlineReplace/FunctionInlineReplaceExport.cc */ = {isa = PBXBuildFile; fileRef = E5C3C5ABCBF24021A53EDB99 /* /Users/jmpews/project/HookZz/srcxx/InterceptRoutingPlugin/FunctionInlineReplace/FunctionInlineReplaceExport.cc */; };
		A53EE741A2BB4DBBB440DCD0 /* /Users/jmpews/project/HookZz/srcxx/ExecMemory/CodeBuffer/CodeBufferBase.cc */ = {isa = PBXBuildFile; fileRef = 157469F92CBB4018A7E48E99 /* /Users/jmpews/project/HookZz/srcxx/ExecMemory/CodeBuffer/CodeBufferBase.cc */; };
		A76E60258FDE47A4A0A36812 /* /Users/jmpews/project/HookZz/OneLib/logging/CMakeLists.txt */ = {isa = PBXBuildFile; fileRef = 685147C04E3744339BE4E7EB /* /Users/jmpews/project/HookZz/OneLib/logging/CMakeLists.txt */; };
		A8092DE82F4D4336BAC80088 /* /Users/jmpews/project/HookZz/srcxx/core/arch/Cpu.cc */ = {isa = PBXBuildFile; fileRef = 8470EF46E63446A0AB8D0F61 /* /Users/jmpews/project/HookZz/srcxx/core/arch/Cpu.cc */; };
		AB73E091E4674039B145E7BB /* /Users/jmpews/project/HookZz/OneLib/stdcxx/LiteCollection.cc */ = {isa = PBXBuildFile; fileRef = 09A08E821F254D8FA893B7D1 /* /Users/jmpews/project/HookZz/OneLib/stdcxx/LiteCollection.cc */; };
		B9B60F7398FD4941AA6604A6 /* /Users/jmpews/project/HookZz/OneLib/logging/logging.c */ = {isa = PBXBuildFile; fileRef = E96D04F354BD4C289BF9E663 /* /Users/jmpews/project/HookZz/OneLib/logging/logging.c */; };
		BDFCC9AFA9A94F45A094EDE5 /* /Users/jmpews/project/HookZz/srcxx/InterceptRouting/InterceptRouting.cpp */ = {isa = PBXBuildFile; fileRef = 2CECDA2510014B42827A4AE1 /* /Users/jmpews/project/HookZz/srcxx/InterceptRouting/InterceptRouting.cpp */; };
		BEFA1F8707284EB2B22624A7 /* /Users/jmpews/project/HookZz/OneLib/logging/cxxlogging.cc */ = {isa = PBXBuildFile; fileRef = 2B2034FABAC3455D9DAF72C1 /* /Users/jmpews/project/HookZz/OneLib/logging/cxxlogging.cc */; };
		C7DD37A403A64B14B8BC7D5F /* /Users/jmpews/project/HookZz/srcxx/core/modules/codegen/codegen-arm64.cc */ = {isa = PBXBuildFile; fileRef = CAEBA32F84D0438990B3C164 /* /Users/jmpews/project/HookZz/srcxx/core/modules/codegen/codegen-arm64.cc */; };
		CF86093BFC724F1388181988 /* /Users/jmpews/project/HookZz/OneLib/stdcxx/LiteMutableBuffer.cc */ = {isa = PBXBuildFile; fileRef = DB0BE46ABCD24B7894204E67 /* /Users/jmpews/project/HookZz/OneLib/stdcxx/LiteMutableBuffer.cc */; };
		D05FEEFA88A04BF5858C3479 /* /Users/jmpews/project/HookZz/srcxx/InterceptRoutingTrampoline/arm64/trampoline-arm64.cc */ = {isa = PBXBuildFile; fileRef = A30530A46D6E4FE3B317484C /* /Users/jmpews/project/HookZz/srcxx/InterceptRoutingTrampoline/arm64/trampoline-arm64.cc */; };
		D59308EBD39342BCB2F92AA1 /* /Users/jmpews/project/HookZz/srcxx/UserMode/PlatformInterface/Common/platform-posix/extensions-posix.cc */ = {isa = PBXBuildFile; fileRef = 1A03718727C846D8B765F98B /* /Users/jmpews/project/HookZz/srcxx/UserMode/PlatformInterface/Common/platform-posix/extensions-posix.cc */; };
		E144DD842B6940319C77AB44 /* /Users/jmpews/project/HookZz/srcxx/ExecMemory/AssemblerCodeBuffer.cc */ = {isa = PBXBuildFile; fileRef = 5DC0FE8213584AE1B1E04166 /* /Users/jmpews/project/HookZz/srcxx/ExecMemory/AssemblerCodeBuffer.cc */; };
		E6189C064A3A4AA78877F350 /* /Users/jmpews/project/HookZz/srcxx/ExecMemory/AssemblyCode.cc */ = {isa = PBXBuildFile; fileRef = 459140A412C2403085D8216B /* /Users/jmpews/project/HookZz/srcxx/ExecMemory/AssemblyCode.cc */; };
		F0408E62A6454105BFE5ECBE /* /Users/jmpews/project/HookZz/srcxx/Interceptor.cpp */ = {isa = PBXBuildFile; fileRef = D864C24AC1AC47699A515490 /* /Users/jmpews/project/HookZz/srcxx/Interceptor.cpp */; };
		F11D1814BCAE48CA9F762F1D /* /Users/jmpews/project/HookZz/srcxx/ExecMemory/ExecutableMemoryArena.cc */ = {isa = PBXBuildFile; fileRef = 6C74478815C147DEAF7DBFF2 /* /Users/jmpews/project/HookZz/srcxx/ExecMemory/ExecutableMemoryArena.cc */; };
		FABEA87866614D08A20DD8E7 /* /Users/jmpews/project/HookZz/OneLib/stdcxx/LiteIterator.cc */ = {isa = PBXBuildFile; fileRef = FA3EF7A9A90A475584855660 /* /Users/jmpews/project/HookZz/OneLib/stdcxx/LiteIterator.cc */; };
		FC03C747099C4DEB8E9D9B2C /* /Users/jmpews/project/HookZz/OneLib/stdcxx/CMakeLists.txt */ = {isa = PBXBuildFile; fileRef = E3A16A8F49D445E29B514AB9 /* /Users/jmpews/project/HookZz/OneLib/stdcxx/CMakeLists.txt */; };
		FCBE3BF174EF4D5FAF4CE0B8 /* /Users/jmpews/project/HookZz/srcxx/ExecMemory/CodeBuffer/code-buffer-arm64.cc */ = {isa = PBXBuildFile; fileRef = 21CC24BB146940A0977DE99F /* /Users/jmpews/project/HookZz/srcxx/ExecMemory/CodeBuffer/code-buffer-arm64.cc */; };
/* End PBXBuildFile section */

/* Begin PBXBuildStyle section */
		293D9EEE41424FCB8F6FE148 /* Debug */ = {
			isa = PBXBuildStyle;
			buildSettings = {
				COPY_PHASE_STRIP = NO;
			};
			name = Debug;
		};
		A6BD55675434464585C36AE8 /* RelWithDebInfo */ = {
			isa = PBXBuildStyle;
			buildSettings = {
				COPY_PHASE_STRIP = NO;
			};
			name = RelWithDebInfo;
		};
		D346487AA1454FE19EBC9FC3 /* Release */ = {
			isa = PBXBuildStyle;
			buildSettings = {
				COPY_PHASE_STRIP = NO;
			};
			name = Release;
		};
		D3628FED3CF5408096328F7B /* MinSizeRel */ = {
			isa = PBXBuildStyle;
			buildSettings = {
				COPY_PHASE_STRIP = NO;
			};
			name = MinSizeRel;
		};
/* End PBXBuildStyle section */

/* Begin PBXContainerItemProxy section */
		0968D82AAD9E417291480748 /* PBXContainerItemProxy */ = {
			isa = PBXContainerItemProxy;
			containerPortal = A32E9BEA990745FFB58E5C3E /* Project object */;
			proxyType = 1;
			remoteGlobalIDString = 2A3FD0FFB97E4BCFB789BBBA;
			remoteInfo = hookzz;
		};
		2A2658BFD54E46128270D1A6 /* PBXContainerItemProxy */ = {
			isa = PBXContainerItemProxy;
			containerPortal = A32E9BEA990745FFB58E5C3E /* Project object */;
			proxyType = 1;
			remoteGlobalIDString = 8366A3C284804C13B16D2822;
			remoteInfo = ZERO_CHECK;
		};
		34E14EDF275945A9804470AD /* PBXContainerItemProxy */ = {
			isa = PBXContainerItemProxy;
			containerPortal = A32E9BEA990745FFB58E5C3E /* Project object */;
			proxyType = 1;
			remoteGlobalIDString = 8366A3C284804C13B16D2822;
			remoteInfo = ZERO_CHECK;
		};
		3B3F8FFC3C464A6F931EA4C2 /* PBXContainerItemProxy */ = {
			isa = PBXContainerItemProxy;
			containerPortal = A32E9BEA990745FFB58E5C3E /* Project object */;
			proxyType = 1;
			remoteGlobalIDString = 8366A3C284804C13B16D2822;
			remoteInfo = ZERO_CHECK;
		};
		5AF5AF636E6148ACAD28F14E /* PBXContainerItemProxy */ = {
			isa = PBXContainerItemProxy;
			containerPortal = A32E9BEA990745FFB58E5C3E /* Project object */;
			proxyType = 1;
			remoteGlobalIDString = 856971DE26D74A18922AA609;
			remoteInfo = stdcxx;
		};
		8A3F628A60184B3096E1649D /* PBXContainerItemProxy */ = {
			isa = PBXContainerItemProxy;
			containerPortal = A32E9BEA990745FFB58E5C3E /* Project object */;
			proxyType = 1;
			remoteGlobalIDString = 705F8CD7BEB941E3BF3CE3AC;
			remoteInfo = logging;
		};
		9846C4F5D1F74EBD8D1FA0C3 /* PBXContainerItemProxy */ = {
			isa = PBXContainerItemProxy;
			containerPortal = A32E9BEA990745FFB58E5C3E /* Project object */;
			proxyType = 1;
			remoteGlobalIDString = 856971DE26D74A18922AA609;
			remoteInfo = stdcxx;
		};
		E679B08C38694E7CBC5DD73F /* PBXContainerItemProxy */ = {
			isa = PBXContainerItemProxy;
			containerPortal = A32E9BEA990745FFB58E5C3E /* Project object */;
			proxyType = 1;
			remoteGlobalIDString = 8366A3C284804C13B16D2822;
			remoteInfo = ZERO_CHECK;
		};
		FC1346BAC3B94C14B5FA0688 /* PBXContainerItemProxy */ = {
			isa = PBXContainerItemProxy;
			containerPortal = A32E9BEA990745FFB58E5C3E /* Project object */;
			proxyType = 1;
			remoteGlobalIDString = 705F8CD7BEB941E3BF3CE3AC;
			remoteInfo = logging;
		};
/* End PBXContainerItemProxy section */

/* Begin PBXFileReference section */
		09A08E821F254D8FA893B7D1 /* /Users/jmpews/project/HookZz/OneLib/stdcxx/LiteCollection.cc */ = {isa = PBXFileReference; explicitFileType = sourcecode.cpp.cpp; fileEncoding = 4; name = LiteCollection.cc; path = OneLib/stdcxx/LiteCollection.cc; sourceTree = SOURCE_ROOT; };
		0CB3247705584DA5803D2CF7 /* /Users/jmpews/project/HookZz/OneLib/stdcxx/LiteObject.cc */ = {isa = PBXFileReference; explicitFileType = sourcecode.cpp.cpp; fileEncoding = 4; name = LiteObject.cc; path = OneLib/stdcxx/LiteObject.cc; sourceTree = SOURCE_ROOT; };
		157469F92CBB4018A7E48E99 /* /Users/jmpews/project/HookZz/srcxx/ExecMemory/CodeBuffer/CodeBufferBase.cc */ = {isa = PBXFileReference; explicitFileType = sourcecode.cpp.cpp; fileEncoding = 4; name = CodeBufferBase.cc; path = srcxx/ExecMemory/CodeBuffer/CodeBufferBase.cc; sourceTree = SOURCE_ROOT; };
		1A03718727C846D8B765F98B /* /Users/jmpews/project/HookZz/srcxx/UserMode/PlatformInterface/Common/platform-posix/extensions-posix.cc */ = {isa = PBXFileReference; explicitFileType = sourcecode.cpp.cpp; fileEncoding = 4; name = "extensions-posix.cc"; path = "srcxx/UserMode/PlatformInterface/Common/platform-posix/extensions-posix.cc"; sourceTree = SOURCE_ROOT; };
		21CC24BB146940A0977DE99F /* /Users/jmpews/project/HookZz/srcxx/ExecMemory/CodeBuffer/code-buffer-arm64.cc */ = {isa = PBXFileReference; explicitFileType = sourcecode.cpp.cpp; fileEncoding = 4; name = "code-buffer-arm64.cc"; path = "srcxx/ExecMemory/CodeBuffer/code-buffer-arm64.cc"; sourceTree = SOURCE_ROOT; };
		2B2034FABAC3455D9DAF72C1 /* /Users/jmpews/project/HookZz/OneLib/logging/cxxlogging.cc */ = {isa = PBXFileReference; explicitFileType = sourcecode.cpp.cpp; fileEncoding = 4; name = cxxlogging.cc; path = OneLib/logging/cxxlogging.cc; sourceTree = SOURCE_ROOT; };
		2CECDA2510014B42827A4AE1 /* /Users/jmpews/project/HookZz/srcxx/InterceptRouting/InterceptRouting.cpp */ = {isa = PBXFileReference; explicitFileType = sourcecode.cpp.cpp; fileEncoding = 4; name = InterceptRouting.cpp; path = srcxx/InterceptRouting/InterceptRouting.cpp; sourceTree = SOURCE_ROOT; };
		2DA8D8C0F3094E0192DE8694 /* /Users/jmpews/project/HookZz/srcxx/core/modules/assembler/assembler.cc */ = {isa = PBXFileReference; explicitFileType = sourcecode.cpp.cpp; fileEncoding = 4; name = assembler.cc; path = srcxx/core/modules/assembler/assembler.cc; sourceTree = SOURCE_ROOT; };
		32AA31EEFABE4D498313A2AA /* hookzz */ = {isa = PBXFileReference; explicitFileType = archive.ar; path = libhookzz.a; sourceTree = BUILT_PRODUCTS_DIR; };
		37D6A89BB67A483CB31B85A3 /* /Users/jmpews/project/HookZz/srcxx/core/modules/assembler/assembler-arm64.cc */ = {isa = PBXFileReference; explicitFileType = sourcecode.cpp.cpp; fileEncoding = 4; name = "assembler-arm64.cc"; path = "srcxx/core/modules/assembler/assembler-arm64.cc"; sourceTree = SOURCE_ROOT; };
		3EB7DE8B402B48DFA46E075E /* /Users/jmpews/project/HookZz/CMakeLists.txt */ = {isa = PBXFileReference; explicitFileType = sourcecode.text; fileEncoding = 4; name = CMakeLists.txt; path = CMakeLists.txt; sourceTree = SOURCE_ROOT; };
		459140A412C2403085D8216B /* /Users/jmpews/project/HookZz/srcxx/ExecMemory/AssemblyCode.cc */ = {isa = PBXFileReference; explicitFileType = sourcecode.cpp.cpp; fileEncoding = 4; name = AssemblyCode.cc; path = srcxx/ExecMemory/AssemblyCode.cc; sourceTree = SOURCE_ROOT; };
		495DEC3030C14CAA8BFFC50D /* /Users/jmpews/project/HookZz/srcxx/UserMode/ExecMemory/clear-cache-tool-all.cc */ = {isa = PBXFileReference; explicitFileType = sourcecode.cpp.cpp; fileEncoding = 4; name = "clear-cache-tool-all.cc"; path = "srcxx/UserMode/ExecMemory/clear-cache-tool-all.cc"; sourceTree = SOURCE_ROOT; };
		5DC0FE8213584AE1B1E04166 /* /Users/jmpews/project/HookZz/srcxx/ExecMemory/AssemblerCodeBuffer.cc */ = {isa = PBXFileReference; explicitFileType = sourcecode.cpp.cpp; fileEncoding = 4; name = AssemblerCodeBuffer.cc; path = srcxx/ExecMemory/AssemblerCodeBuffer.cc; sourceTree = SOURCE_ROOT; };
		5F5BD6D10B5B40649C1F5BB1 /* /Users/jmpews/project/HookZz/srcxx/InstructionRelocation/arm64/ARM64InstructionRelocation.cc */ = {isa = PBXFileReference; explicitFileType = sourcecode.cpp.cpp; fileEncoding = 4; name = ARM64InstructionRelocation.cc; path = srcxx/InstructionRelocation/arm64/ARM64InstructionRelocation.cc; sourceTree = SOURCE_ROOT; };
		685147C04E3744339BE4E7EB /* /Users/jmpews/project/HookZz/OneLib/logging/CMakeLists.txt */ = {isa = PBXFileReference; explicitFileType = sourcecode.text; fileEncoding = 4; name = CMakeLists.txt; path = OneLib/logging/CMakeLists.txt; sourceTree = SOURCE_ROOT; };
		6C74478815C147DEAF7DBFF2 /* /Users/jmpews/project/HookZz/srcxx/ExecMemory/ExecutableMemoryArena.cc */ = {isa = PBXFileReference; explicitFileType = sourcecode.cpp.cpp; fileEncoding = 4; name = ExecutableMemoryArena.cc; path = srcxx/ExecMemory/ExecutableMemoryArena.cc; sourceTree = SOURCE_ROOT; };
		77E3AF4D9EB9471E84CFB89B /* /Users/jmpews/project/HookZz/CMakeLists.txt */ = {isa = PBXFileReference; explicitFileType = sourcecode.text; fileEncoding = 4; name = CMakeLists.txt; path = CMakeLists.txt; sourceTree = SOURCE_ROOT; };
		77F977A6DCFE4E86AE1812FD /* /Users/jmpews/project/HookZz/srcxx/ExecMemory/PageAllocator.cc */ = {isa = PBXFileReference; explicitFileType = sourcecode.cpp.cpp; fileEncoding = 4; name = PageAllocator.cc; path = srcxx/ExecMemory/PageAllocator.cc; sourceTree = SOURCE_ROOT; };
		8470EF46E63446A0AB8D0F61 /* /Users/jmpews/project/HookZz/srcxx/core/arch/Cpu.cc */ = {isa = PBXFileReference; explicitFileType = sourcecode.cpp.cpp; fileEncoding = 4; name = Cpu.cc; path = srcxx/core/arch/Cpu.cc; sourceTree = SOURCE_ROOT; };
		909509AA3C054585AEAF6040 /* /Users/jmpews/project/HookZz/srcxx/hookzz.cpp */ = {isa = PBXFileReference; explicitFileType = sourcecode.cpp.cpp; fileEncoding = 4; name = hookzz.cpp; path = srcxx/hookzz.cpp; sourceTree = SOURCE_ROOT; };
		96FFC248AFA1424B9AFAB33A /* /Users/jmpews/project/HookZz/srcxx/UserMode/PlatformInterface/Common/platform-posix.cc */ = {isa = PBXFileReference; explicitFileType = sourcecode.cpp.cpp; fileEncoding = 4; name = "platform-posix.cc"; path = "srcxx/UserMode/PlatformInterface/Common/platform-posix.cc"; sourceTree = SOURCE_ROOT; };
		9B8BF12D6D104ADFB3FE0E33 /* /Users/jmpews/project/HookZz/srcxx/UserMode/ExecMemory/code-patch-tool-darwin.cc */ = {isa = PBXFileReference; explicitFileType = sourcecode.cpp.cpp; fileEncoding = 4; name = "code-patch-tool-darwin.cc"; path = "srcxx/UserMode/ExecMemory/code-patch-tool-darwin.cc"; sourceTree = SOURCE_ROOT; };
		A30530A46D6E4FE3B317484C /* /Users/jmpews/project/HookZz/srcxx/InterceptRoutingTrampoline/arm64/trampoline-arm64.cc */ = {isa = PBXFileReference; explicitFileType = sourcecode.cpp.cpp; fileEncoding = 4; name = "trampoline-arm64.cc"; path = "srcxx/InterceptRoutingTrampoline/arm64/trampoline-arm64.cc"; sourceTree = SOURCE_ROOT; };
		A96E79EC9A37473C8188C6F8 /* /Users/jmpews/project/HookZz/srcxx/core/arch/CpuFeature.cc */ = {isa = PBXFileReference; explicitFileType = sourcecode.cpp.cpp; fileEncoding = 4; name = CpuFeature.cc; path = srcxx/core/arch/CpuFeature.cc; sourceTree = SOURCE_ROOT; };
		C19105D12A6D4C1D872E23F6 /* /Users/jmpews/project/HookZz/OneLib/stdcxx/LiteMemOpt.cc */ = {isa = PBXFileReference; explicitFileType = sourcecode.cpp.cpp; fileEncoding = 4; name = LiteMemOpt.cc; path = OneLib/stdcxx/LiteMemOpt.cc; sourceTree = SOURCE_ROOT; };
		CAEBA32F84D0438990B3C164 /* /Users/jmpews/project/HookZz/srcxx/core/modules/codegen/codegen-arm64.cc */ = {isa = PBXFileReference; explicitFileType = sourcecode.cpp.cpp; fileEncoding = 4; name = "codegen-arm64.cc"; path = "srcxx/core/modules/codegen/codegen-arm64.cc"; sourceTree = SOURCE_ROOT; };
		D628734BF7CD4FDFA944F215 /* /Users/jmpews/project/HookZz/srcxx/InterceptRoutingPlugin/FunctionInlineReplace/function-inline-replace.cc */ = {isa = PBXFileReference; explicitFileType = sourcecode.cpp.cpp; fileEncoding = 4; name = "function-inline-replace.cc"; path = "srcxx/InterceptRoutingPlugin/FunctionInlineReplace/function-inline-replace.cc"; sourceTree = SOURCE_ROOT; };
		D827F366BF6D44F89D060F90 /* /Users/jmpews/project/HookZz/srcxx/core/arch/CpuRegister.cc */ = {isa = PBXFileReference; explicitFileType = sourcecode.cpp.cpp; fileEncoding = 4; name = CpuRegister.cc; path = srcxx/core/arch/CpuRegister.cc; sourceTree = SOURCE_ROOT; };
		D864C24AC1AC47699A515490 /* /Users/jmpews/project/HookZz/srcxx/Interceptor.cpp */ = {isa = PBXFileReference; explicitFileType = sourcecode.cpp.cpp; fileEncoding = 4; name = Interceptor.cpp; path = srcxx/Interceptor.cpp; sourceTree = SOURCE_ROOT; };
		DB0BE46ABCD24B7894204E67 /* /Users/jmpews/project/HookZz/OneLib/stdcxx/LiteMutableBuffer.cc */ = {isa = PBXFileReference; explicitFileType = sourcecode.cpp.cpp; fileEncoding = 4; name = LiteMutableBuffer.cc; path = OneLib/stdcxx/LiteMutableBuffer.cc; sourceTree = SOURCE_ROOT; };
		E0CB3408C43348FB9CAA99E9 /* /Users/jmpews/project/HookZz/OneLib/stdcxx/LiteMutableArray.cc */ = {isa = PBXFileReference; explicitFileType = sourcecode.cpp.cpp; fileEncoding = 4; name = LiteMutableArray.cc; path = OneLib/stdcxx/LiteMutableArray.cc; sourceTree = SOURCE_ROOT; };
		E3A16A8F49D445E29B514AB9 /* /Users/jmpews/project/HookZz/OneLib/stdcxx/CMakeLists.txt */ = {isa = PBXFileReference; explicitFileType = sourcecode.text; fileEncoding = 4; name = CMakeLists.txt; path = OneLib/stdcxx/CMakeLists.txt; sourceTree = SOURCE_ROOT; };
		E4BF688AABA746D0B7D93EB8 /* logging */ = {isa = PBXFileReference; explicitFileType = archive.ar; path = liblogging.a; sourceTree = BUILT_PRODUCTS_DIR; };
		E5C3C5ABCBF24021A53EDB99 /* /Users/jmpews/project/HookZz/srcxx/InterceptRoutingPlugin/FunctionInlineReplace/FunctionInlineReplaceExport.cc */ = {isa = PBXFileReference; explicitFileType = sourcecode.cpp.cpp; fileEncoding = 4; name = FunctionInlineReplaceExport.cc; path = srcxx/InterceptRoutingPlugin/FunctionInlineReplace/FunctionInlineReplaceExport.cc; sourceTree = SOURCE_ROOT; };
		E96D04F354BD4C289BF9E663 /* /Users/jmpews/project/HookZz/OneLib/logging/logging.c */ = {isa = PBXFileReference; explicitFileType = sourcecode.c.c; fileEncoding = 4; name = logging.c; path = OneLib/logging/logging.c; sourceTree = SOURCE_ROOT; };
		F5F8C259C3264B96870DA2A2 /* stdcxx */ = {isa = PBXFileReference; explicitFileType = archive.ar; path = libstdcxx.a; sourceTree = BUILT_PRODUCTS_DIR; };
		FA3EF7A9A90A475584855660 /* /Users/jmpews/project/HookZz/OneLib/stdcxx/LiteIterator.cc */ = {isa = PBXFileReference; explicitFileType = sourcecode.cpp.cpp; fileEncoding = 4; name = LiteIterator.cc; path = OneLib/stdcxx/LiteIterator.cc; sourceTree = SOURCE_ROOT; };
/* End PBXFileReference section */

/* Begin PBXGroup section */
		0444268B37344A1798036E94 /* Source Files */ = {
			isa = PBXGroup;
			children = (
				2B2034FABAC3455D9DAF72C1 /* /Users/jmpews/project/HookZz/OneLib/logging/cxxlogging.cc */,
				E96D04F354BD4C289BF9E663 /* /Users/jmpews/project/HookZz/OneLib/logging/logging.c */,
			);
			name = "Source Files";
			sourceTree = "<group>";
		};
		2261F539C4784351BC060861 /* srcxx.core.arch */ = {
			isa = PBXGroup;
			children = (
				8470EF46E63446A0AB8D0F61 /* /Users/jmpews/project/HookZz/srcxx/core/arch/Cpu.cc */,
				A96E79EC9A37473C8188C6F8 /* /Users/jmpews/project/HookZz/srcxx/core/arch/CpuFeature.cc */,
				D827F366BF6D44F89D060F90 /* /Users/jmpews/project/HookZz/srcxx/core/arch/CpuRegister.cc */,
			);
			name = srcxx.core.arch;
			sourceTree = "<group>";
		};
		31A7E30AF909463788F7EA66 /* ALL_BUILD */ = {
			isa = PBXGroup;
			children = (
				982383BEFFF1466BAC8F9AE8 /* CMake Rules */,
				3EB7DE8B402B48DFA46E075E /* /Users/jmpews/project/HookZz/CMakeLists.txt */,
			);
			name = ALL_BUILD;
			sourceTree = "<group>";
		};
		3CE0BCD9AB5E43A58998728E /* srcxx.core.modules.codegen */ = {
			isa = PBXGroup;
			children = (
				CAEBA32F84D0438990B3C164 /* /Users/jmpews/project/HookZz/srcxx/core/modules/codegen/codegen-arm64.cc */,
			);
			name = srcxx.core.modules.codegen;
			sourceTree = "<group>";
		};
		3D51EA77CC804E24BA9993CC /* hookzz */ = {
			isa = PBXGroup;
			children = (
				2261F539C4784351BC060861 /* srcxx.core.arch */,
				B08BA9E0259E40178277EBA5 /* srcxx.core.modules.assembler */,
				3CE0BCD9AB5E43A58998728E /* srcxx.core.modules.codegen */,
				D86029ADED3F498FBE3664BD /* srcxx.ExecMemory */,
				753DBB23B00544EE848A090C /* srcxx.ExecMemory.CodeBuffer */,
				68B3D5E2B34843EA86A513A5 /* srcxx.InstructionRelocation.arm64 */,
				85AFAD8BF1AD48AE9A9CF0C2 /* srcxx.InterceptRouting */,
				8420C605479A445393F33636 /* srcxx.InterceptRoutingTrampoline.arm64 */,
				E7E41199D0E64172B6E3E219 /* srcxx.InterceptRoutingPlugin.FunctionInlineReplace */,
				9D0B5C890EC641C29890476D /* srcxx.UserMode.ExecMemory */,
				DBD3691408E0416D86A950A6 /* srcxx.UserMode.PlatformInterface.Common */,
				B599921BD949410C9CCF1887 /* srcxx */,
				77E3AF4D9EB9471E84CFB89B /* /Users/jmpews/project/HookZz/CMakeLists.txt */,
			);
			name = hookzz;
			sourceTree = "<group>";
		};
		41CA06508BA44B93AF0CEECD /* logging */ = {
			isa = PBXGroup;
			children = (
				0444268B37344A1798036E94 /* Source Files */,
				685147C04E3744339BE4E7EB /* /Users/jmpews/project/HookZz/OneLib/logging/CMakeLists.txt */,
			);
			name = logging;
			sourceTree = "<group>";
		};
		4A72CED2B4EA4367872C54FA = {
			isa = PBXGroup;
			children = (
				3D51EA77CC804E24BA9993CC /* hookzz */,
				31A7E30AF909463788F7EA66 /* ALL_BUILD */,
				41CA06508BA44B93AF0CEECD /* logging */,
				9C4BEEE7A3834846AA49E68B /* stdcxx */,
				DCD4F005AF904987A270453B /* Products */,
			);
			sourceTree = "<group>";
		};
		580DC7E00B9B40DF99BC8E74 /* Source Files */ = {
			isa = PBXGroup;
			children = (
				09A08E821F254D8FA893B7D1 /* /Users/jmpews/project/HookZz/OneLib/stdcxx/LiteCollection.cc */,
				FA3EF7A9A90A475584855660 /* /Users/jmpews/project/HookZz/OneLib/stdcxx/LiteIterator.cc */,
				C19105D12A6D4C1D872E23F6 /* /Users/jmpews/project/HookZz/OneLib/stdcxx/LiteMemOpt.cc */,
				E0CB3408C43348FB9CAA99E9 /* /Users/jmpews/project/HookZz/OneLib/stdcxx/LiteMutableArray.cc */,
				DB0BE46ABCD24B7894204E67 /* /Users/jmpews/project/HookZz/OneLib/stdcxx/LiteMutableBuffer.cc */,
				0CB3247705584DA5803D2CF7 /* /Users/jmpews/project/HookZz/OneLib/stdcxx/LiteObject.cc */,
			);
			name = "Source Files";
			sourceTree = "<group>";
		};
		68B3D5E2B34843EA86A513A5 /* srcxx.InstructionRelocation.arm64 */ = {
			isa = PBXGroup;
			children = (
				5F5BD6D10B5B40649C1F5BB1 /* /Users/jmpews/project/HookZz/srcxx/InstructionRelocation/arm64/ARM64InstructionRelocation.cc */,
			);
			name = srcxx.InstructionRelocation.arm64;
			sourceTree = "<group>";
		};
		753DBB23B00544EE848A090C /* srcxx.ExecMemory.CodeBuffer */ = {
			isa = PBXGroup;
			children = (
				157469F92CBB4018A7E48E99 /* /Users/jmpews/project/HookZz/srcxx/ExecMemory/CodeBuffer/CodeBufferBase.cc */,
				21CC24BB146940A0977DE99F /* /Users/jmpews/project/HookZz/srcxx/ExecMemory/CodeBuffer/code-buffer-arm64.cc */,
			);
			name = srcxx.ExecMemory.CodeBuffer;
			sourceTree = "<group>";
		};
		8420C605479A445393F33636 /* srcxx.InterceptRoutingTrampoline.arm64 */ = {
			isa = PBXGroup;
			children = (
				A30530A46D6E4FE3B317484C /* /Users/jmpews/project/HookZz/srcxx/InterceptRoutingTrampoline/arm64/trampoline-arm64.cc */,
			);
			name = srcxx.InterceptRoutingTrampoline.arm64;
			sourceTree = "<group>";
		};
		85AFAD8BF1AD48AE9A9CF0C2 /* srcxx.InterceptRouting */ = {
			isa = PBXGroup;
			children = (
				2CECDA2510014B42827A4AE1 /* /Users/jmpews/project/HookZz/srcxx/InterceptRouting/InterceptRouting.cpp */,
			);
			name = srcxx.InterceptRouting;
			sourceTree = "<group>";
		};
		982383BEFFF1466BAC8F9AE8 /* CMake Rules */ = {
			isa = PBXGroup;
			children = (
			);
			name = "CMake Rules";
			sourceTree = "<group>";
		};
		9C4BEEE7A3834846AA49E68B /* stdcxx */ = {
			isa = PBXGroup;
			children = (
				580DC7E00B9B40DF99BC8E74 /* Source Files */,
				E3A16A8F49D445E29B514AB9 /* /Users/jmpews/project/HookZz/OneLib/stdcxx/CMakeLists.txt */,
			);
			name = stdcxx;
			sourceTree = "<group>";
		};
		9D0B5C890EC641C29890476D /* srcxx.UserMode.ExecMemory */ = {
			isa = PBXGroup;
			children = (
				495DEC3030C14CAA8BFFC50D /* /Users/jmpews/project/HookZz/srcxx/UserMode/ExecMemory/clear-cache-tool-all.cc */,
				9B8BF12D6D104ADFB3FE0E33 /* /Users/jmpews/project/HookZz/srcxx/UserMode/ExecMemory/code-patch-tool-darwin.cc */,
			);
			name = srcxx.UserMode.ExecMemory;
			sourceTree = "<group>";
		};
		B08BA9E0259E40178277EBA5 /* srcxx.core.modules.assembler */ = {
			isa = PBXGroup;
			children = (
				37D6A89BB67A483CB31B85A3 /* /Users/jmpews/project/HookZz/srcxx/core/modules/assembler/assembler-arm64.cc */,
				2DA8D8C0F3094E0192DE8694 /* /Users/jmpews/project/HookZz/srcxx/core/modules/assembler/assembler.cc */,
			);
			name = srcxx.core.modules.assembler;
			sourceTree = "<group>";
		};
		B599921BD949410C9CCF1887 /* srcxx */ = {
			isa = PBXGroup;
			children = (
				D864C24AC1AC47699A515490 /* /Users/jmpews/project/HookZz/srcxx/Interceptor.cpp */,
				909509AA3C054585AEAF6040 /* /Users/jmpews/project/HookZz/srcxx/hookzz.cpp */,
			);
			name = srcxx;
			sourceTree = "<group>";
		};
		D86029ADED3F498FBE3664BD /* srcxx.ExecMemory */ = {
			isa = PBXGroup;
			children = (
				5DC0FE8213584AE1B1E04166 /* /Users/jmpews/project/HookZz/srcxx/ExecMemory/AssemblerCodeBuffer.cc */,
				459140A412C2403085D8216B /* /Users/jmpews/project/HookZz/srcxx/ExecMemory/AssemblyCode.cc */,
				6C74478815C147DEAF7DBFF2 /* /Users/jmpews/project/HookZz/srcxx/ExecMemory/ExecutableMemoryArena.cc */,
				77F977A6DCFE4E86AE1812FD /* /Users/jmpews/project/HookZz/srcxx/ExecMemory/PageAllocator.cc */,
			);
			name = srcxx.ExecMemory;
			sourceTree = "<group>";
		};
		DBD3691408E0416D86A950A6 /* srcxx.UserMode.PlatformInterface.Common */ = {
			isa = PBXGroup;
			children = (
				96FFC248AFA1424B9AFAB33A /* /Users/jmpews/project/HookZz/srcxx/UserMode/PlatformInterface/Common/platform-posix.cc */,
				1A03718727C846D8B765F98B /* /Users/jmpews/project/HookZz/srcxx/UserMode/PlatformInterface/Common/platform-posix/extensions-posix.cc */,
			);
			name = srcxx.UserMode.PlatformInterface.Common;
			sourceTree = "<group>";
		};
		DCD4F005AF904987A270453B /* Products */ = {
			isa = PBXGroup;
			children = (
				32AA31EEFABE4D498313A2AA /* hookzz */,
				E4BF688AABA746D0B7D93EB8 /* logging */,
				F5F8C259C3264B96870DA2A2 /* stdcxx */,
			);
			name = Products;
			sourceTree = "<group>";
		};
		E7E41199D0E64172B6E3E219 /* srcxx.InterceptRoutingPlugin.FunctionInlineReplace */ = {
			isa = PBXGroup;
			children = (
				E5C3C5ABCBF24021A53EDB99 /* /Users/jmpews/project/HookZz/srcxx/InterceptRoutingPlugin/FunctionInlineReplace/FunctionInlineReplaceExport.cc */,
				D628734BF7CD4FDFA944F215 /* /Users/jmpews/project/HookZz/srcxx/InterceptRoutingPlugin/FunctionInlineReplace/function-inline-replace.cc */,
			);
			name = srcxx.InterceptRoutingPlugin.FunctionInlineReplace;
			sourceTree = "<group>";
		};
/* End PBXGroup section */

/* Begin PBXNativeTarget section */
		2A3FD0FFB97E4BCFB789BBBA /* hookzz */ = {
			isa = PBXNativeTarget;
			buildConfigurationList = 08745AB0F0C84C84BBD78435 /* Build configuration list for PBXNativeTarget "hookzz" */;
			buildPhases = (
				6C45AD35EFA14E0FAABDE1AC /* Sources */,
			);
			buildRules = (
			);
			dependencies = (
				A5EA15A7CB344CC198B8D431 /* PBXTargetDependency */,
				B9D47EA9F9134863B0534FA3 /* PBXTargetDependency */,
				F68A6BD9A67045A29B508A5D /* PBXTargetDependency */,
			);
			name = hookzz;
			productName = hookzz;
			productReference = 32AA31EEFABE4D498313A2AA /* hookzz */;
			productType = "com.apple.product-type.library.static";
		};
		705F8CD7BEB941E3BF3CE3AC /* logging */ = {
			isa = PBXNativeTarget;
			buildConfigurationList = DED623F47B0B447F871EF0B3 /* Build configuration list for PBXNativeTarget "logging" */;
			buildPhases = (
				744911C39D304F60BF91E322 /* Sources */,
			);
			buildRules = (
			);
			dependencies = (
				E64E266A0F2449A0828EACA4 /* PBXTargetDependency */,
			);
			name = logging;
			productName = logging;
			productReference = E4BF688AABA746D0B7D93EB8 /* logging */;
			productType = "com.apple.product-type.library.static";
		};
		856971DE26D74A18922AA609 /* stdcxx */ = {
			isa = PBXNativeTarget;
			buildConfigurationList = 120B37002F8B4E72A1780A7D /* Build configuration list for PBXNativeTarget "stdcxx" */;
			buildPhases = (
				528C2D24E5454AAAA0E1D0F7 /* Sources */,
			);
			buildRules = (
			);
			dependencies = (
				AD6C0B0496734E2DBA983816 /* PBXTargetDependency */,
			);
			name = stdcxx;
			productName = stdcxx;
			productReference = F5F8C259C3264B96870DA2A2 /* stdcxx */;
			productType = "com.apple.product-type.library.static";
		};
/* End PBXNativeTarget section */

/* Begin PBXProject section */
		A32E9BEA990745FFB58E5C3E /* Project object */ = {
			isa = PBXProject;
			attributes = {
				BuildIndependentTargetsInParallel = YES;
				LastUpgradeCheck = 1000;
			};
			buildConfigurationList = 4E5D2E1733FC4DBE95A44D5D /* Build configuration list for PBXProject "HookZz" */;
			buildSettings = {
			};
			buildStyles = (
				293D9EEE41424FCB8F6FE148 /* Debug */,
				D346487AA1454FE19EBC9FC3 /* Release */,
				D3628FED3CF5408096328F7B /* MinSizeRel */,
				A6BD55675434464585C36AE8 /* RelWithDebInfo */,
			);
			compatibilityVersion = "Xcode 3.2";
			hasScannedForEncodings = 0;
			mainGroup = 4A72CED2B4EA4367872C54FA;
			projectDirPath = ../../../;
			projectRoot = "";
			targets = (
				BFAFE8BCD8E646A1A2E89CB3 /* ALL_BUILD */,
				8366A3C284804C13B16D2822 /* ZERO_CHECK */,
				2A3FD0FFB97E4BCFB789BBBA /* hookzz */,
				705F8CD7BEB941E3BF3CE3AC /* logging */,
				856971DE26D74A18922AA609 /* stdcxx */,
			);
		};
/* End PBXProject section */

/* Begin PBXShellScriptBuildPhase section */
		663ABF2F4FEA45D3BA9F08B3 = {
			isa = PBXShellScriptBuildPhase;
			buildActionMask = 2147483647;
			files = (
			);
			inputPaths = (
			);
			outputPaths = (
			);
			runOnlyForDeploymentPostprocessing = 0;
			shellPath = /bin/sh;
			shellScript = "# shell script goes here
exit 0";
			showEnvVarsInLog = 0;
		};
		9A22685AE8354B428AFDDA68 /* CMake Rules */ = {
			isa = PBXShellScriptBuildPhase;
			buildActionMask = 2147483647;
			files = (
			);
			name = "CMake Rules";
			runOnlyForDeploymentPostprocessing = 0;
			shellPath = /bin/sh;
			shellScript = "make -C /Users/jmpews/project/HookZz/examples/iOS/AArch64.ARMv8 -f /Users/jmpews/project/HookZz/examples/iOS/AArch64.ARMv8/CMakeScripts/ZERO_CHECK_cmakeRulesBuildPhase.make$CONFIGURATION all";
			showEnvVarsInLog = 0;
		};
		D69E2B4102E445F696B955E6 = {
			isa = PBXShellScriptBuildPhase;
			buildActionMask = 2147483647;
			files = (
			);
			inputPaths = (
			);
			outputPaths = (
			);
			runOnlyForDeploymentPostprocessing = 0;
			shellPath = /bin/sh;
			shellScript = "# shell script goes here
exit 0";
			showEnvVarsInLog = 0;
		};
		F8CE70B18F434B03A3A225E1 /* CMake Rules */ = {
			isa = PBXShellScriptBuildPhase;
			buildActionMask = 2147483647;
			files = (
			);
			name = "CMake Rules";
			runOnlyForDeploymentPostprocessing = 0;
			shellPath = /bin/sh;
			shellScript = "make -C /Users/jmpews/project/HookZz/examples/iOS/AArch64.ARMv8 -f /Users/jmpews/project/HookZz/examples/iOS/AArch64.ARMv8/CMakeScripts/ALL_BUILD_cmakeRulesBuildPhase.make$CONFIGURATION all";
			showEnvVarsInLog = 0;
		};
/* End PBXShellScriptBuildPhase section */

/* Begin PBXSourcesBuildPhase section */
		528C2D24E5454AAAA0E1D0F7 /* Sources */ = {
			isa = PBXSourcesBuildPhase;
			buildActionMask = 2147483647;
			files = (
				AB73E091E4674039B145E7BB /* /Users/jmpews/project/HookZz/OneLib/stdcxx/LiteCollection.cc */,
				FABEA87866614D08A20DD8E7 /* /Users/jmpews/project/HookZz/OneLib/stdcxx/LiteIterator.cc */,
				3516B0D5C856445B84B8604B /* /Users/jmpews/project/HookZz/OneLib/stdcxx/LiteMemOpt.cc */,
				8422E0D630F94C21A506921A /* /Users/jmpews/project/HookZz/OneLib/stdcxx/LiteMutableArray.cc */,
				CF86093BFC724F1388181988 /* /Users/jmpews/project/HookZz/OneLib/stdcxx/LiteMutableBuffer.cc */,
				14CE498152034E138202E548 /* /Users/jmpews/project/HookZz/OneLib/stdcxx/LiteObject.cc */,
			);
			runOnlyForDeploymentPostprocessing = 0;
		};
		6C45AD35EFA14E0FAABDE1AC /* Sources */ = {
			isa = PBXSourcesBuildPhase;
			buildActionMask = 2147483647;
			files = (
				E144DD842B6940319C77AB44 /* /Users/jmpews/project/HookZz/srcxx/ExecMemory/AssemblerCodeBuffer.cc */,
				E6189C064A3A4AA78877F350 /* /Users/jmpews/project/HookZz/srcxx/ExecMemory/AssemblyCode.cc */,
				A53EE741A2BB4DBBB440DCD0 /* /Users/jmpews/project/HookZz/srcxx/ExecMemory/CodeBuffer/CodeBufferBase.cc */,
				FCBE3BF174EF4D5FAF4CE0B8 /* /Users/jmpews/project/HookZz/srcxx/ExecMemory/CodeBuffer/code-buffer-arm64.cc */,
				F11D1814BCAE48CA9F762F1D /* /Users/jmpews/project/HookZz/srcxx/ExecMemory/ExecutableMemoryArena.cc */,
				3D9D495955074AB7AE58BB4F /* /Users/jmpews/project/HookZz/srcxx/ExecMemory/PageAllocator.cc */,
				3F4BEA126D744E5CAD060A50 /* /Users/jmpews/project/HookZz/srcxx/InstructionRelocation/arm64/ARM64InstructionRelocation.cc */,
				BDFCC9AFA9A94F45A094EDE5 /* /Users/jmpews/project/HookZz/srcxx/InterceptRouting/InterceptRouting.cpp */,
				A340AF1D5AAC469BBDA78494 /* /Users/jmpews/project/HookZz/srcxx/InterceptRoutingPlugin/FunctionInlineReplace/FunctionInlineReplaceExport.cc */,
				7A1873F5666C48AD9E9E8F52 /* /Users/jmpews/project/HookZz/srcxx/InterceptRoutingPlugin/FunctionInlineReplace/function-inline-replace.cc */,
				D05FEEFA88A04BF5858C3479 /* /Users/jmpews/project/HookZz/srcxx/InterceptRoutingTrampoline/arm64/trampoline-arm64.cc */,
				F0408E62A6454105BFE5ECBE /* /Users/jmpews/project/HookZz/srcxx/Interceptor.cpp */,
				21A9268F627842E9B6E114C5 /* /Users/jmpews/project/HookZz/srcxx/UserMode/ExecMemory/clear-cache-tool-all.cc */,
				563B9AB9ECDF4983A2C69D26 /* /Users/jmpews/project/HookZz/srcxx/UserMode/ExecMemory/code-patch-tool-darwin.cc */,
				2248A8104D1346F58E171220 /* /Users/jmpews/project/HookZz/srcxx/UserMode/PlatformInterface/Common/platform-posix.cc */,
				D59308EBD39342BCB2F92AA1 /* /Users/jmpews/project/HookZz/srcxx/UserMode/PlatformInterface/Common/platform-posix/extensions-posix.cc */,
				A8092DE82F4D4336BAC80088 /* /Users/jmpews/project/HookZz/srcxx/core/arch/Cpu.cc */,
				A09FC9EBB12C42D08BAD7534 /* /Users/jmpews/project/HookZz/srcxx/core/arch/CpuFeature.cc */,
				752994136292437F8C48EFC4 /* /Users/jmpews/project/HookZz/srcxx/core/arch/CpuRegister.cc */,
				4AFB3E9EC59F4416B1B2162E /* /Users/jmpews/project/HookZz/srcxx/core/modules/assembler/assembler-arm64.cc */,
				12757E3FA84C4BA79AD0F1A4 /* /Users/jmpews/project/HookZz/srcxx/core/modules/assembler/assembler.cc */,
				C7DD37A403A64B14B8BC7D5F /* /Users/jmpews/project/HookZz/srcxx/core/modules/codegen/codegen-arm64.cc */,
				93F2D867B5414AB494A689F2 /* /Users/jmpews/project/HookZz/srcxx/hookzz.cpp */,
			);
			runOnlyForDeploymentPostprocessing = 0;
		};
		744911C39D304F60BF91E322 /* Sources */ = {
			isa = PBXSourcesBuildPhase;
			buildActionMask = 2147483647;
			files = (
				BEFA1F8707284EB2B22624A7 /* /Users/jmpews/project/HookZz/OneLib/logging/cxxlogging.cc */,
				B9B60F7398FD4941AA6604A6 /* /Users/jmpews/project/HookZz/OneLib/logging/logging.c */,
			);
			runOnlyForDeploymentPostprocessing = 0;
		};
/* End PBXSourcesBuildPhase section */

/* Begin PBXTargetDependency section */
		678F26E9D6A640A0991ACB90 /* PBXTargetDependency */ = {
			isa = PBXTargetDependency;
			target = 2A3FD0FFB97E4BCFB789BBBA /* hookzz */;
			targetProxy = 0968D82AAD9E417291480748 /* PBXContainerItemProxy */;
		};
		A5EA15A7CB344CC198B8D431 /* PBXTargetDependency */ = {
			isa = PBXTargetDependency;
			target = 705F8CD7BEB941E3BF3CE3AC /* logging */;
			targetProxy = 8A3F628A60184B3096E1649D /* PBXContainerItemProxy */;
		};
		AD6C0B0496734E2DBA983816 /* PBXTargetDependency */ = {
			isa = PBXTargetDependency;
			target = 8366A3C284804C13B16D2822 /* ZERO_CHECK */;
			targetProxy = E679B08C38694E7CBC5DD73F /* PBXContainerItemProxy */;
		};
		B9D47EA9F9134863B0534FA3 /* PBXTargetDependency */ = {
			isa = PBXTargetDependency;
			target = 856971DE26D74A18922AA609 /* stdcxx */;
			targetProxy = 9846C4F5D1F74EBD8D1FA0C3 /* PBXContainerItemProxy */;
		};
		C774CB12658A4B11B9E59782 /* PBXTargetDependency */ = {
			isa = PBXTargetDependency;
			target = 856971DE26D74A18922AA609 /* stdcxx */;
			targetProxy = 5AF5AF636E6148ACAD28F14E /* PBXContainerItemProxy */;
		};
		E64E266A0F2449A0828EACA4 /* PBXTargetDependency */ = {
			isa = PBXTargetDependency;
			target = 8366A3C284804C13B16D2822 /* ZERO_CHECK */;
			targetProxy = 2A2658BFD54E46128270D1A6 /* PBXContainerItemProxy */;
		};
		EB35BCAEF1BE435B9FFF5F0A /* PBXTargetDependency */ = {
			isa = PBXTargetDependency;
			target = 8366A3C284804C13B16D2822 /* ZERO_CHECK */;
			targetProxy = 3B3F8FFC3C464A6F931EA4C2 /* PBXContainerItemProxy */;
		};
		EF647E8E388A481D8DC9D31C /* PBXTargetDependency */ = {
			isa = PBXTargetDependency;
			target = 705F8CD7BEB941E3BF3CE3AC /* logging */;
			targetProxy = FC1346BAC3B94C14B5FA0688 /* PBXContainerItemProxy */;
		};
		F68A6BD9A67045A29B508A5D /* PBXTargetDependency */ = {
			isa = PBXTargetDependency;
			target = 8366A3C284804C13B16D2822 /* ZERO_CHECK */;
			targetProxy = 34E14EDF275945A9804470AD /* PBXContainerItemProxy */;
		};
/* End PBXTargetDependency section */

/* Begin XCBuildConfiguration section */
		120B2B6A2D464D1E9B0501C1 /* MinSizeRel */ = {
			isa = XCBuildConfiguration;
			buildSettings = {
				COMBINE_HIDPI_IMAGES = YES;
				GCC_GENERATE_DEBUGGING_SYMBOLS = YES;
				GCC_INLINES_ARE_PRIVATE_EXTERN = NO;
				GCC_OPTIMIZATION_LEVEL = 0;
				GCC_PREPROCESSOR_DEFINITIONS = ("'CMAKE_INTDIR=\"$(CONFIGURATION)$(EFFECTIVE_PLATFORM_NAME)\"'");
				GCC_SYMBOLS_PRIVATE_EXTERN = NO;
				INSTALL_PATH = "";
				OTHER_LDFLAGS = " ";
				OTHER_REZFLAGS = "";
				PRODUCT_NAME = ALL_BUILD;
				SECTORDER_FLAGS = "";
				SYMROOT = /Users/jmpews/project/HookZz/examples/iOS/AArch64.ARMv8;
				USE_HEADERMAP = NO;
				WARNING_CFLAGS = ("-Wmost","-Wno-four-char-constants","-Wno-unknown-pragmas","$(inherited)");
			};
			name = MinSizeRel;
		};
		18D720E24C284C41BF895934 /* Release */ = {
			isa = XCBuildConfiguration;
			buildSettings = {
				ARCHS = arm64;
				SDKROOT = /Applications/Xcode.app/Contents/Developer/Platforms/iPhoneOS.platform/Developer/SDKs/iPhoneOS12.0.sdk;
				SYMROOT = /Users/jmpews/project/HookZz/examples/iOS/AArch64.ARMv8/build;
			};
			name = Release;
		};
		24BCA2878D024D02A5BFDCD4 /* MinSizeRel */ = {
			isa = XCBuildConfiguration;
			buildSettings = {
				ARCHS = arm64;
				COMBINE_HIDPI_IMAGES = YES;
				EXECUTABLE_PREFIX = lib;
				EXECUTABLE_SUFFIX = .a;
				GCC_GENERATE_DEBUGGING_SYMBOLS = NO;
				GCC_INLINES_ARE_PRIVATE_EXTERN = NO;
				GCC_OPTIMIZATION_LEVEL = s;
				GCC_PREPROCESSOR_DEFINITIONS = ("'CMAKE_INTDIR=\"$(CONFIGURATION)$(EFFECTIVE_PLATFORM_NAME)\"'");
				GCC_SYMBOLS_PRIVATE_EXTERN = NO;
				HEADER_SEARCH_PATHS = (/Users/jmpews/project/HookZz/.,/Users/jmpews/project/HookZz/./include,/Users/jmpews/project/HookZz/./srcxx,/Users/jmpews/project/HookZz/./srcxx/UserMode,/Users/jmpews/project/HookZz/./OneLib/logging,/Users/jmpews/project/HookZz/./OneLib/stdcxx,/Users/jmpews/project/HookZz/./OneLib/include);
				INSTALL_PATH = "";
				LIBRARY_STYLE = STATIC;
				ONLY_ACTIVE_ARCH = NO;
				OTHER_CPLUSPLUSFLAGS = "-miphoneos-version-min=9.3  -fobjc-abi-version=2 -fno-objc-arc -miphoneos-version-min=9.3  -fobjc-abi-version=2 -fno-objc-arc  -miphoneos-version-min=9.3  -fvisibility=hidden -fvisibility-inlines-hidden -fobjc-abi-version=2 -fno-objc-arc -miphoneos-version-min=9.3  -fvisibility=hidden -fvisibility-inlines-hidden -fobjc-abi-version=2 -fno-objc-arc  -stdlib=libc++ -miphoneos-version-min=9.3  -fvisibility=hidden -fvisibility-inlines-hidden -fobjc-abi-version=2 -fno-objc-arc -miphoneos-version-min=9.3  -fvisibility=hidden -fvisibility-inlines-hidden -fobjc-abi-version=2 -fno-objc-arc  -DNDEBUG     -ffast-math  -miphoneos-version-min=9.3  -fvisibility=hidden -fvisibility-inlines-hidden -fobjc-abi-version=2 -fno-objc-arc  -DNDEBUG     -ffast-math   '-std=gnu++11'  ";
				OTHER_LIBTOOLFLAGS = " ";
				OTHER_REZFLAGS = "";
				PRODUCT_NAME = hookzz;
				SECTORDER_FLAGS = "";
				SYMROOT = /Users/jmpews/project/HookZz/examples/iOS/AArch64.ARMv8;
				USE_HEADERMAP = NO;
				WARNING_CFLAGS = ("-Wmost","-Wno-four-char-constants","-Wno-unknown-pragmas","$(inherited)");
			};
			name = MinSizeRel;
		};
		45E245FEC2264FD79BC583A8 /* Debug */ = {
			isa = XCBuildConfiguration;
			buildSettings = {
				ARCHS = arm64;
				SDKROOT = /Applications/Xcode.app/Contents/Developer/Platforms/iPhoneOS.platform/Developer/SDKs/iPhoneOS12.0.sdk;
				SYMROOT = /Users/jmpews/project/HookZz/examples/iOS/AArch64.ARMv8/build;
			};
			name = Debug;
		};
		4BE2A9182A064F1C8DFFB17B /* RelWithDebInfo */ = {
			isa = XCBuildConfiguration;
			buildSettings = {
				ARCHS = arm64;
				COMBINE_HIDPI_IMAGES = YES;
				EXECUTABLE_PREFIX = lib;
				EXECUTABLE_SUFFIX = .a;
				GCC_GENERATE_DEBUGGING_SYMBOLS = YES;
				GCC_INLINES_ARE_PRIVATE_EXTERN = NO;
				GCC_OPTIMIZATION_LEVEL = 2;
				GCC_PREPROCESSOR_DEFINITIONS = ("'CMAKE_INTDIR=\"$(CONFIGURATION)$(EFFECTIVE_PLATFORM_NAME)\"'");
				GCC_SYMBOLS_PRIVATE_EXTERN = NO;
				HEADER_SEARCH_PATHS = (/Users/jmpews/project/HookZz/.,/Users/jmpews/project/HookZz/./include,/Users/jmpews/project/HookZz/./srcxx,/Users/jmpews/project/HookZz/./srcxx/UserMode,/Users/jmpews/project/HookZz/./OneLib/logging,/Users/jmpews/project/HookZz/./OneLib/stdcxx,/Users/jmpews/project/HookZz/./OneLib/include);
				INSTALL_PATH = "";
				LIBRARY_STYLE = STATIC;
				ONLY_ACTIVE_ARCH = NO;
				OTHER_CPLUSPLUSFLAGS = "-miphoneos-version-min=9.3  -fobjc-abi-version=2 -fno-objc-arc -miphoneos-version-min=9.3  -fobjc-abi-version=2 -fno-objc-arc  -miphoneos-version-min=9.3  -fvisibility=hidden -fvisibility-inlines-hidden -fobjc-abi-version=2 -fno-objc-arc -miphoneos-version-min=9.3  -fvisibility=hidden -fvisibility-inlines-hidden -fobjc-abi-version=2 -fno-objc-arc  -stdlib=libc++ -miphoneos-version-min=9.3  -fvisibility=hidden -fvisibility-inlines-hidden -fobjc-abi-version=2 -fno-objc-arc -miphoneos-version-min=9.3  -fvisibility=hidden -fvisibility-inlines-hidden -fobjc-abi-version=2 -fno-objc-arc  -DNDEBUG        -ffast-math  -miphoneos-version-min=9.3  -fvisibility=hidden -fvisibility-inlines-hidden -fobjc-abi-version=2 -fno-objc-arc  -DNDEBUG        -ffast-math   '-std=gnu++11'  ";
				OTHER_LIBTOOLFLAGS = " ";
				OTHER_REZFLAGS = "";
				PRODUCT_NAME = hookzz;
				SECTORDER_FLAGS = "";
				SYMROOT = /Users/jmpews/project/HookZz/examples/iOS/AArch64.ARMv8;
				USE_HEADERMAP = NO;
				WARNING_CFLAGS = ("-Wmost","-Wno-four-char-constants","-Wno-unknown-pragmas","$(inherited)");
			};
			name = RelWithDebInfo;
		};
		4CF1DBB689D24F5992D3ECF0 /* Debug */ = {
			isa = XCBuildConfiguration;
			buildSettings = {
				ARCHS = arm64;
				COMBINE_HIDPI_IMAGES = YES;
				CONFIGURATION_BUILD_DIR = /Users/jmpews/project/HookZz/examples/iOS/AArch64.ARMv8/build/Debug;
				EXECUTABLE_PREFIX = lib;
				EXECUTABLE_SUFFIX = .a;
				GCC_GENERATE_DEBUGGING_SYMBOLS = YES;
				GCC_INLINES_ARE_PRIVATE_EXTERN = NO;
				GCC_OPTIMIZATION_LEVEL = 0;
				GCC_PREPROCESSOR_DEFINITIONS = ("'CMAKE_INTDIR=\"$(CONFIGURATION)$(EFFECTIVE_PLATFORM_NAME)\"'");
				GCC_SYMBOLS_PRIVATE_EXTERN = NO;
				HEADER_SEARCH_PATHS = (/Users/jmpews/project/HookZz/.,/Users/jmpews/project/HookZz/./include,/Users/jmpews/project/HookZz/./srcxx,/Users/jmpews/project/HookZz/./srcxx/UserMode,/Users/jmpews/project/HookZz/./OneLib/logging,/Users/jmpews/project/HookZz/./OneLib/stdcxx,/Users/jmpews/project/HookZz/./OneLib/include,/Users/jmpews/project/HookZz/OneLib/.,/Users/jmpews/project/HookZz/OneLib/./include,/Users/jmpews/project/HookZz/OneLib/logging/.);
				INSTALL_PATH = "";
				LIBRARY_STYLE = STATIC;
				ONLY_ACTIVE_ARCH = NO;
				OTHER_CFLAGS = "-miphoneos-version-min=9.3  -fobjc-abi-version=2 -fno-objc-arc -miphoneos-version-min=9.3  -fobjc-abi-version=2 -fno-objc-arc  -stdlib=libc++ -fvisibility=hidden    '-std=gnu11'  ";
				OTHER_CPLUSPLUSFLAGS = "-miphoneos-version-min=9.3  -fobjc-abi-version=2 -fno-objc-arc -miphoneos-version-min=9.3  -fobjc-abi-version=2 -fno-objc-arc  -miphoneos-version-min=9.3  -fvisibility=hidden -fvisibility-inlines-hidden -fobjc-abi-version=2 -fno-objc-arc -miphoneos-version-min=9.3  -fvisibility=hidden -fvisibility-inlines-hidden -fobjc-abi-version=2 -fno-objc-arc  -stdlib=libc++    '-std=gnu++11'  ";
				OTHER_LIBTOOLFLAGS = " ";
				OTHER_REZFLAGS = "";
				PRODUCT_NAME = logging;
				SECTORDER_FLAGS = "";
				SYMROOT = /Users/jmpews/project/HookZz/examples/iOS/AArch64.ARMv8/OneLib/logging;
				USE_HEADERMAP = NO;
				WARNING_CFLAGS = ("-Wmost","-Wno-four-char-constants","-Wno-unknown-pragmas","$(inherited)");
			};
			name = Debug;
		};
		5158EB73B47C456AA15C71DD /* RelWithDebInfo */ = {
			isa = XCBuildConfiguration;
			buildSettings = {
				COMBINE_HIDPI_IMAGES = YES;
				GCC_GENERATE_DEBUGGING_SYMBOLS = YES;
				GCC_INLINES_ARE_PRIVATE_EXTERN = NO;
				GCC_OPTIMIZATION_LEVEL = 0;
				GCC_PREPROCESSOR_DEFINITIONS = ("'CMAKE_INTDIR=\"$(CONFIGURATION)$(EFFECTIVE_PLATFORM_NAME)\"'");
				GCC_SYMBOLS_PRIVATE_EXTERN = NO;
				INSTALL_PATH = "";
				OTHER_LDFLAGS = " ";
				OTHER_REZFLAGS = "";
				PRODUCT_NAME = ALL_BUILD;
				SECTORDER_FLAGS = "";
				SYMROOT = /Users/jmpews/project/HookZz/examples/iOS/AArch64.ARMv8;
				USE_HEADERMAP = NO;
				WARNING_CFLAGS = ("-Wmost","-Wno-four-char-constants","-Wno-unknown-pragmas","$(inherited)");
			};
			name = RelWithDebInfo;
		};
		5410314E34064F129E93D803 /* Debug */ = {
			isa = XCBuildConfiguration;
			buildSettings = {
				ARCHS = arm64;
				COMBINE_HIDPI_IMAGES = YES;
				CONFIGURATION_BUILD_DIR = /Users/jmpews/project/HookZz/examples/iOS/AArch64.ARMv8/build/Debug;
				EXECUTABLE_PREFIX = lib;
				EXECUTABLE_SUFFIX = .a;
				GCC_GENERATE_DEBUGGING_SYMBOLS = YES;
				GCC_INLINES_ARE_PRIVATE_EXTERN = NO;
				GCC_OPTIMIZATION_LEVEL = 0;
				GCC_PREPROCESSOR_DEFINITIONS = ("'CMAKE_INTDIR=\"$(CONFIGURATION)$(EFFECTIVE_PLATFORM_NAME)\"'");
				GCC_SYMBOLS_PRIVATE_EXTERN = NO;
				HEADER_SEARCH_PATHS = (/Users/jmpews/project/HookZz/.,/Users/jmpews/project/HookZz/./include,/Users/jmpews/project/HookZz/./srcxx,/Users/jmpews/project/HookZz/./srcxx/UserMode,/Users/jmpews/project/HookZz/./OneLib/logging,/Users/jmpews/project/HookZz/./OneLib/stdcxx,/Users/jmpews/project/HookZz/./OneLib/include);
				INSTALL_PATH = "";
				LIBRARY_STYLE = STATIC;
				ONLY_ACTIVE_ARCH = NO;
				OTHER_CPLUSPLUSFLAGS = "-miphoneos-version-min=9.3  -fobjc-abi-version=2 -fno-objc-arc -miphoneos-version-min=9.3  -fobjc-abi-version=2 -fno-objc-arc  -miphoneos-version-min=9.3  -fvisibility=hidden -fvisibility-inlines-hidden -fobjc-abi-version=2 -fno-objc-arc -miphoneos-version-min=9.3  -fvisibility=hidden -fvisibility-inlines-hidden -fobjc-abi-version=2 -fno-objc-arc  -stdlib=libc++    '-std=gnu++11'  ";
				OTHER_LIBTOOLFLAGS = " ";
				OTHER_REZFLAGS = "";
				PRODUCT_NAME = hookzz;
				SECTORDER_FLAGS = "";
				SYMROOT = /Users/jmpews/project/HookZz/examples/iOS/AArch64.ARMv8;
				USE_HEADERMAP = NO;
				WARNING_CFLAGS = ("-Wmost","-Wno-four-char-constants","-Wno-unknown-pragmas","$(inherited)");
			};
			name = Debug;
		};
		5AEC69361D52423DB611F5FC /* Release */ = {
			isa = XCBuildConfiguration;
			buildSettings = {
				COMBINE_HIDPI_IMAGES = YES;
				GCC_GENERATE_DEBUGGING_SYMBOLS = YES;
				GCC_INLINES_ARE_PRIVATE_EXTERN = NO;
				GCC_OPTIMIZATION_LEVEL = 0;
				GCC_PREPROCESSOR_DEFINITIONS = ("'CMAKE_INTDIR=\"$(CONFIGURATION)$(EFFECTIVE_PLATFORM_NAME)\"'");
				GCC_SYMBOLS_PRIVATE_EXTERN = NO;
				INSTALL_PATH = "";
				OTHER_LDFLAGS = " ";
				OTHER_REZFLAGS = "";
				PRODUCT_NAME = ALL_BUILD;
				SECTORDER_FLAGS = "";
				SYMROOT = /Users/jmpews/project/HookZz/examples/iOS/AArch64.ARMv8;
				USE_HEADERMAP = NO;
				WARNING_CFLAGS = ("-Wmost","-Wno-four-char-constants","-Wno-unknown-pragmas","$(inherited)");
			};
			name = Release;
		};
		5C75B63C0C7641639FACDB94 /* Release */ = {
			isa = XCBuildConfiguration;
			buildSettings = {
				ARCHS = arm64;
				COMBINE_HIDPI_IMAGES = YES;
				CONFIGURATION_BUILD_DIR = /Users/jmpews/project/HookZz/examples/iOS/AArch64.ARMv8/build/Release;
				EXECUTABLE_PREFIX = lib;
				EXECUTABLE_SUFFIX = .a;
				GCC_GENERATE_DEBUGGING_SYMBOLS = NO;
				GCC_INLINES_ARE_PRIVATE_EXTERN = NO;
				GCC_OPTIMIZATION_LEVEL = 3;
				GCC_PREPROCESSOR_DEFINITIONS = ("'CMAKE_INTDIR=\"$(CONFIGURATION)$(EFFECTIVE_PLATFORM_NAME)\"'");
				GCC_SYMBOLS_PRIVATE_EXTERN = NO;
				HEADER_SEARCH_PATHS = (/Users/jmpews/project/HookZz/.,/Users/jmpews/project/HookZz/./include,/Users/jmpews/project/HookZz/./srcxx,/Users/jmpews/project/HookZz/./srcxx/UserMode,/Users/jmpews/project/HookZz/./OneLib/logging,/Users/jmpews/project/HookZz/./OneLib/stdcxx,/Users/jmpews/project/HookZz/./OneLib/include,/Users/jmpews/project/HookZz/OneLib/.,/Users/jmpews/project/HookZz/OneLib/./include,/Users/jmpews/project/HookZz/OneLib/stdcxx/.);
				INSTALL_PATH = "";
				LIBRARY_STYLE = STATIC;
				ONLY_ACTIVE_ARCH = NO;
				OTHER_CPLUSPLUSFLAGS = "-miphoneos-version-min=9.3  -fobjc-abi-version=2 -fno-objc-arc -miphoneos-version-min=9.3  -fobjc-abi-version=2 -fno-objc-arc  -miphoneos-version-min=9.3  -fvisibility=hidden -fvisibility-inlines-hidden -fobjc-abi-version=2 -fno-objc-arc -miphoneos-version-min=9.3  -fvisibility=hidden -fvisibility-inlines-hidden -fobjc-abi-version=2 -fno-objc-arc  -stdlib=libc++ -miphoneos-version-min=9.3  -fvisibility=hidden -fvisibility-inlines-hidden -fobjc-abi-version=2 -fno-objc-arc -miphoneos-version-min=9.3  -fvisibility=hidden -fvisibility-inlines-hidden -fobjc-abi-version=2 -fno-objc-arc  -DNDEBUG     -ffast-math  -miphoneos-version-min=9.3  -fvisibility=hidden -fvisibility-inlines-hidden -fobjc-abi-version=2 -fno-objc-arc  -DNDEBUG     -ffast-math   '-std=gnu++11'  ";
				OTHER_LIBTOOLFLAGS = " ";
				OTHER_REZFLAGS = "";
				PRODUCT_NAME = stdcxx;
				SECTORDER_FLAGS = "";
				SYMROOT = /Users/jmpews/project/HookZz/examples/iOS/AArch64.ARMv8/OneLib/stdcxx;
				USE_HEADERMAP = NO;
				WARNING_CFLAGS = ("-Wmost","-Wno-four-char-constants","-Wno-unknown-pragmas","$(inherited)");
			};
			name = Release;
		};
		73250149A5C74853A6977A71 /* RelWithDebInfo */ = {
			isa = XCBuildConfiguration;
			buildSettings = {
				ARCHS = arm64;
				COMBINE_HIDPI_IMAGES = YES;
				EXECUTABLE_PREFIX = lib;
				EXECUTABLE_SUFFIX = .a;
				GCC_GENERATE_DEBUGGING_SYMBOLS = YES;
				GCC_INLINES_ARE_PRIVATE_EXTERN = NO;
				GCC_OPTIMIZATION_LEVEL = 2;
				GCC_PREPROCESSOR_DEFINITIONS = ("'CMAKE_INTDIR=\"$(CONFIGURATION)$(EFFECTIVE_PLATFORM_NAME)\"'");
				GCC_SYMBOLS_PRIVATE_EXTERN = NO;
				HEADER_SEARCH_PATHS = (/Users/jmpews/project/HookZz/.,/Users/jmpews/project/HookZz/./include,/Users/jmpews/project/HookZz/./srcxx,/Users/jmpews/project/HookZz/./srcxx/UserMode,/Users/jmpews/project/HookZz/./OneLib/logging,/Users/jmpews/project/HookZz/./OneLib/stdcxx,/Users/jmpews/project/HookZz/./OneLib/include,/Users/jmpews/project/HookZz/OneLib/.,/Users/jmpews/project/HookZz/OneLib/./include,/Users/jmpews/project/HookZz/OneLib/logging/.);
				INSTALL_PATH = "";
				LIBRARY_STYLE = STATIC;
				ONLY_ACTIVE_ARCH = NO;
				OTHER_CFLAGS = "-miphoneos-version-min=9.3  -fobjc-abi-version=2 -fno-objc-arc -miphoneos-version-min=9.3  -fobjc-abi-version=2 -fno-objc-arc  -stdlib=libc++ -fvisibility=hidden        -DNDEBUG '-std=gnu11'  ";
				OTHER_CPLUSPLUSFLAGS = "-miphoneos-version-min=9.3  -fobjc-abi-version=2 -fno-objc-arc -miphoneos-version-min=9.3  -fobjc-abi-version=2 -fno-objc-arc  -miphoneos-version-min=9.3  -fvisibility=hidden -fvisibility-inlines-hidden -fobjc-abi-version=2 -fno-objc-arc -miphoneos-version-min=9.3  -fvisibility=hidden -fvisibility-inlines-hidden -fobjc-abi-version=2 -fno-objc-arc  -stdlib=libc++ -miphoneos-version-min=9.3  -fvisibility=hidden -fvisibility-inlines-hidden -fobjc-abi-version=2 -fno-objc-arc -miphoneos-version-min=9.3  -fvisibility=hidden -fvisibility-inlines-hidden -fobjc-abi-version=2 -fno-objc-arc  -DNDEBUG        -ffast-math  -miphoneos-version-min=9.3  -fvisibility=hidden -fvisibility-inlines-hidden -fobjc-abi-version=2 -fno-objc-arc  -DNDEBUG        -ffast-math   '-std=gnu++11'  ";
				OTHER_LIBTOOLFLAGS = " ";
				OTHER_REZFLAGS = "";
				PRODUCT_NAME = logging;
				SECTORDER_FLAGS = "";
				SYMROOT = /Users/jmpews/project/HookZz/examples/iOS/AArch64.ARMv8/OneLib/logging;
				USE_HEADERMAP = NO;
				WARNING_CFLAGS = ("-Wmost","-Wno-four-char-constants","-Wno-unknown-pragmas","$(inherited)");
			};
			name = RelWithDebInfo;
		};
		87BE77B98A9F4D41AC017E0D /* Debug */ = {
			isa = XCBuildConfiguration;
			buildSettings = {
				ARCHS = arm64;
				COMBINE_HIDPI_IMAGES = YES;
				CONFIGURATION_BUILD_DIR = /Users/jmpews/project/HookZz/examples/iOS/AArch64.ARMv8/build/Debug;
				EXECUTABLE_PREFIX = lib;
				EXECUTABLE_SUFFIX = .a;
				GCC_GENERATE_DEBUGGING_SYMBOLS = YES;
				GCC_INLINES_ARE_PRIVATE_EXTERN = NO;
				GCC_OPTIMIZATION_LEVEL = 0;
				GCC_PREPROCESSOR_DEFINITIONS = ("'CMAKE_INTDIR=\"$(CONFIGURATION)$(EFFECTIVE_PLATFORM_NAME)\"'");
				GCC_SYMBOLS_PRIVATE_EXTERN = NO;
				HEADER_SEARCH_PATHS = (/Users/jmpews/project/HookZz/.,/Users/jmpews/project/HookZz/./include,/Users/jmpews/project/HookZz/./srcxx,/Users/jmpews/project/HookZz/./srcxx/UserMode,/Users/jmpews/project/HookZz/./OneLib/logging,/Users/jmpews/project/HookZz/./OneLib/stdcxx,/Users/jmpews/project/HookZz/./OneLib/include,/Users/jmpews/project/HookZz/OneLib/.,/Users/jmpews/project/HookZz/OneLib/./include,/Users/jmpews/project/HookZz/OneLib/stdcxx/.);
				INSTALL_PATH = "";
				LIBRARY_STYLE = STATIC;
				ONLY_ACTIVE_ARCH = NO;
				OTHER_CPLUSPLUSFLAGS = "-miphoneos-version-min=9.3  -fobjc-abi-version=2 -fno-objc-arc -miphoneos-version-min=9.3  -fobjc-abi-version=2 -fno-objc-arc  -miphoneos-version-min=9.3  -fvisibility=hidden -fvisibility-inlines-hidden -fobjc-abi-version=2 -fno-objc-arc -miphoneos-version-min=9.3  -fvisibility=hidden -fvisibility-inlines-hidden -fobjc-abi-version=2 -fno-objc-arc  -stdlib=libc++    '-std=gnu++11'  ";
				OTHER_LIBTOOLFLAGS = " ";
				OTHER_REZFLAGS = "";
				PRODUCT_NAME = stdcxx;
				SECTORDER_FLAGS = "";
				SYMROOT = /Users/jmpews/project/HookZz/examples/iOS/AArch64.ARMv8/OneLib/stdcxx;
				USE_HEADERMAP = NO;
				WARNING_CFLAGS = ("-Wmost","-Wno-four-char-constants","-Wno-unknown-pragmas","$(inherited)");
			};
			name = Debug;
		};
		995EB538CD1D4B05B5344A29 /* Release */ = {
			isa = XCBuildConfiguration;
			buildSettings = {
				ARCHS = arm64;
				COMBINE_HIDPI_IMAGES = YES;
				CONFIGURATION_BUILD_DIR = /Users/jmpews/project/HookZz/examples/iOS/AArch64.ARMv8/build/Release;
				EXECUTABLE_PREFIX = lib;
				EXECUTABLE_SUFFIX = .a;
				GCC_GENERATE_DEBUGGING_SYMBOLS = NO;
				GCC_INLINES_ARE_PRIVATE_EXTERN = NO;
				GCC_OPTIMIZATION_LEVEL = 3;
				GCC_PREPROCESSOR_DEFINITIONS = ("'CMAKE_INTDIR=\"$(CONFIGURATION)$(EFFECTIVE_PLATFORM_NAME)\"'");
				GCC_SYMBOLS_PRIVATE_EXTERN = NO;
				HEADER_SEARCH_PATHS = (/Users/jmpews/project/HookZz/.,/Users/jmpews/project/HookZz/./include,/Users/jmpews/project/HookZz/./srcxx,/Users/jmpews/project/HookZz/./srcxx/UserMode,/Users/jmpews/project/HookZz/./OneLib/logging,/Users/jmpews/project/HookZz/./OneLib/stdcxx,/Users/jmpews/project/HookZz/./OneLib/include,/Users/jmpews/project/HookZz/OneLib/.,/Users/jmpews/project/HookZz/OneLib/./include,/Users/jmpews/project/HookZz/OneLib/logging/.);
				INSTALL_PATH = "";
				LIBRARY_STYLE = STATIC;
				ONLY_ACTIVE_ARCH = NO;
				OTHER_CFLAGS = "-miphoneos-version-min=9.3  -fobjc-abi-version=2 -fno-objc-arc -miphoneos-version-min=9.3  -fobjc-abi-version=2 -fno-objc-arc  -stdlib=libc++ -fvisibility=hidden     -DNDEBUG '-std=gnu11'  ";
				OTHER_CPLUSPLUSFLAGS = "-miphoneos-version-min=9.3  -fobjc-abi-version=2 -fno-objc-arc -miphoneos-version-min=9.3  -fobjc-abi-version=2 -fno-objc-arc  -miphoneos-version-min=9.3  -fvisibility=hidden -fvisibility-inlines-hidden -fobjc-abi-version=2 -fno-objc-arc -miphoneos-version-min=9.3  -fvisibility=hidden -fvisibility-inlines-hidden -fobjc-abi-version=2 -fno-objc-arc  -stdlib=libc++ -miphoneos-version-min=9.3  -fvisibility=hidden -fvisibility-inlines-hidden -fobjc-abi-version=2 -fno-objc-arc -miphoneos-version-min=9.3  -fvisibility=hidden -fvisibility-inlines-hidden -fobjc-abi-version=2 -fno-objc-arc  -DNDEBUG     -ffast-math  -miphoneos-version-min=9.3  -fvisibility=hidden -fvisibility-inlines-hidden -fobjc-abi-version=2 -fno-objc-arc  -DNDEBUG     -ffast-math   '-std=gnu++11'  ";
				OTHER_LIBTOOLFLAGS = " ";
				OTHER_REZFLAGS = "";
				PRODUCT_NAME = logging;
				SECTORDER_FLAGS = "";
				SYMROOT = /Users/jmpews/project/HookZz/examples/iOS/AArch64.ARMv8/OneLib/logging;
				USE_HEADERMAP = NO;
				WARNING_CFLAGS = ("-Wmost","-Wno-four-char-constants","-Wno-unknown-pragmas","$(inherited)");
			};
			name = Release;
		};
		C28D2A447E214502A68281AA /* MinSizeRel */ = {
			isa = XCBuildConfiguration;
			buildSettings = {
				ARCHS = arm64;
				SDKROOT = /Applications/Xcode.app/Contents/Developer/Platforms/iPhoneOS.platform/Developer/SDKs/iPhoneOS12.0.sdk;
				SYMROOT = /Users/jmpews/project/HookZz/examples/iOS/AArch64.ARMv8/build;
			};
			name = MinSizeRel;
		};
		C3DCE94244274970A633BFCE /* Release */ = {
			isa = XCBuildConfiguration;
			buildSettings = {
				COMBINE_HIDPI_IMAGES = YES;
				GCC_GENERATE_DEBUGGING_SYMBOLS = YES;
				GCC_INLINES_ARE_PRIVATE_EXTERN = NO;
				GCC_OPTIMIZATION_LEVEL = 0;
				GCC_PREPROCESSOR_DEFINITIONS = ("'CMAKE_INTDIR=\"$(CONFIGURATION)$(EFFECTIVE_PLATFORM_NAME)\"'");
				GCC_SYMBOLS_PRIVATE_EXTERN = NO;
				INSTALL_PATH = "";
				OTHER_LDFLAGS = " ";
				OTHER_REZFLAGS = "";
				PRODUCT_NAME = ZERO_CHECK;
				SECTORDER_FLAGS = "";
				SYMROOT = /Users/jmpews/project/HookZz/examples/iOS/AArch64.ARMv8;
				USE_HEADERMAP = NO;
				WARNING_CFLAGS = ("-Wmost","-Wno-four-char-constants","-Wno-unknown-pragmas","$(inherited)");
			};
			name = Release;
		};
		CD494AA373FA418797D1DBEE /* RelWithDebInfo */ = {
			isa = XCBuildConfiguration;
			buildSettings = {
				ARCHS = arm64;
				SDKROOT = /Applications/Xcode.app/Contents/Developer/Platforms/iPhoneOS.platform/Developer/SDKs/iPhoneOS12.0.sdk;
				SYMROOT = /Users/jmpews/project/HookZz/examples/iOS/AArch64.ARMv8/build;
			};
			name = RelWithDebInfo;
		};
		D1743FD283724F2294C60F54 /* MinSizeRel */ = {
			isa = XCBuildConfiguration;
			buildSettings = {
				ARCHS = arm64;
				COMBINE_HIDPI_IMAGES = YES;
				EXECUTABLE_PREFIX = lib;
				EXECUTABLE_SUFFIX = .a;
				GCC_GENERATE_DEBUGGING_SYMBOLS = NO;
				GCC_INLINES_ARE_PRIVATE_EXTERN = NO;
				GCC_OPTIMIZATION_LEVEL = s;
				GCC_PREPROCESSOR_DEFINITIONS = ("'CMAKE_INTDIR=\"$(CONFIGURATION)$(EFFECTIVE_PLATFORM_NAME)\"'");
				GCC_SYMBOLS_PRIVATE_EXTERN = NO;
				HEADER_SEARCH_PATHS = (/Users/jmpews/project/HookZz/.,/Users/jmpews/project/HookZz/./include,/Users/jmpews/project/HookZz/./srcxx,/Users/jmpews/project/HookZz/./srcxx/UserMode,/Users/jmpews/project/HookZz/./OneLib/logging,/Users/jmpews/project/HookZz/./OneLib/stdcxx,/Users/jmpews/project/HookZz/./OneLib/include,/Users/jmpews/project/HookZz/OneLib/.,/Users/jmpews/project/HookZz/OneLib/./include,/Users/jmpews/project/HookZz/OneLib/stdcxx/.);
				INSTALL_PATH = "";
				LIBRARY_STYLE = STATIC;
				ONLY_ACTIVE_ARCH = NO;
				OTHER_CPLUSPLUSFLAGS = "-miphoneos-version-min=9.3  -fobjc-abi-version=2 -fno-objc-arc -miphoneos-version-min=9.3  -fobjc-abi-version=2 -fno-objc-arc  -miphoneos-version-min=9.3  -fvisibility=hidden -fvisibility-inlines-hidden -fobjc-abi-version=2 -fno-objc-arc -miphoneos-version-min=9.3  -fvisibility=hidden -fvisibility-inlines-hidden -fobjc-abi-version=2 -fno-objc-arc  -stdlib=libc++ -miphoneos-version-min=9.3  -fvisibility=hidden -fvisibility-inlines-hidden -fobjc-abi-version=2 -fno-objc-arc -miphoneos-version-min=9.3  -fvisibility=hidden -fvisibility-inlines-hidden -fobjc-abi-version=2 -fno-objc-arc  -DNDEBUG     -ffast-math  -miphoneos-version-min=9.3  -fvisibility=hidden -fvisibility-inlines-hidden -fobjc-abi-version=2 -fno-objc-arc  -DNDEBUG     -ffast-math   '-std=gnu++11'  ";
				OTHER_LIBTOOLFLAGS = " ";
				OTHER_REZFLAGS = "";
				PRODUCT_NAME = stdcxx;
				SECTORDER_FLAGS = "";
				SYMROOT = /Users/jmpews/project/HookZz/examples/iOS/AArch64.ARMv8/OneLib/stdcxx;
				USE_HEADERMAP = NO;
				WARNING_CFLAGS = ("-Wmost","-Wno-four-char-constants","-Wno-unknown-pragmas","$(inherited)");
			};
			name = MinSizeRel;
		};
		DC21B6BD483940D1B2BB80D4 /* MinSizeRel */ = {
			isa = XCBuildConfiguration;
			buildSettings = {
				ARCHS = arm64;
				COMBINE_HIDPI_IMAGES = YES;
				EXECUTABLE_PREFIX = lib;
				EXECUTABLE_SUFFIX = .a;
				GCC_GENERATE_DEBUGGING_SYMBOLS = NO;
				GCC_INLINES_ARE_PRIVATE_EXTERN = NO;
				GCC_OPTIMIZATION_LEVEL = s;
				GCC_PREPROCESSOR_DEFINITIONS = ("'CMAKE_INTDIR=\"$(CONFIGURATION)$(EFFECTIVE_PLATFORM_NAME)\"'");
				GCC_SYMBOLS_PRIVATE_EXTERN = NO;
				HEADER_SEARCH_PATHS = (/Users/jmpews/project/HookZz/.,/Users/jmpews/project/HookZz/./include,/Users/jmpews/project/HookZz/./srcxx,/Users/jmpews/project/HookZz/./srcxx/UserMode,/Users/jmpews/project/HookZz/./OneLib/logging,/Users/jmpews/project/HookZz/./OneLib/stdcxx,/Users/jmpews/project/HookZz/./OneLib/include,/Users/jmpews/project/HookZz/OneLib/.,/Users/jmpews/project/HookZz/OneLib/./include,/Users/jmpews/project/HookZz/OneLib/logging/.);
				INSTALL_PATH = "";
				LIBRARY_STYLE = STATIC;
				ONLY_ACTIVE_ARCH = NO;
				OTHER_CFLAGS = "-miphoneos-version-min=9.3  -fobjc-abi-version=2 -fno-objc-arc -miphoneos-version-min=9.3  -fobjc-abi-version=2 -fno-objc-arc  -stdlib=libc++ -fvisibility=hidden     -DNDEBUG '-std=gnu11'  ";
				OTHER_CPLUSPLUSFLAGS = "-miphoneos-version-min=9.3  -fobjc-abi-version=2 -fno-objc-arc -miphoneos-version-min=9.3  -fobjc-abi-version=2 -fno-objc-arc  -miphoneos-version-min=9.3  -fvisibility=hidden -fvisibility-inlines-hidden -fobjc-abi-version=2 -fno-objc-arc -miphoneos-version-min=9.3  -fvisibility=hidden -fvisibility-inlines-hidden -fobjc-abi-version=2 -fno-objc-arc  -stdlib=libc++ -miphoneos-version-min=9.3  -fvisibility=hidden -fvisibility-inlines-hidden -fobjc-abi-version=2 -fno-objc-arc -miphoneos-version-min=9.3  -fvisibility=hidden -fvisibility-inlines-hidden -fobjc-abi-version=2 -fno-objc-arc  -DNDEBUG     -ffast-math  -miphoneos-version-min=9.3  -fvisibility=hidden -fvisibility-inlines-hidden -fobjc-abi-version=2 -fno-objc-arc  -DNDEBUG     -ffast-math   '-std=gnu++11'  ";
				OTHER_LIBTOOLFLAGS = " ";
				OTHER_REZFLAGS = "";
				PRODUCT_NAME = logging;
				SECTORDER_FLAGS = "";
				SYMROOT = /Users/jmpews/project/HookZz/examples/iOS/AArch64.ARMv8/OneLib/logging;
				USE_HEADERMAP = NO;
				WARNING_CFLAGS = ("-Wmost","-Wno-four-char-constants","-Wno-unknown-pragmas","$(inherited)");
			};
			name = MinSizeRel;
		};
		E09D3DA6748446F786860E1A /* MinSizeRel */ = {
			isa = XCBuildConfiguration;
			buildSettings = {
				COMBINE_HIDPI_IMAGES = YES;
				GCC_GENERATE_DEBUGGING_SYMBOLS = YES;
				GCC_INLINES_ARE_PRIVATE_EXTERN = NO;
				GCC_OPTIMIZATION_LEVEL = 0;
				GCC_PREPROCESSOR_DEFINITIONS = ("'CMAKE_INTDIR=\"$(CONFIGURATION)$(EFFECTIVE_PLATFORM_NAME)\"'");
				GCC_SYMBOLS_PRIVATE_EXTERN = NO;
				INSTALL_PATH = "";
				OTHER_LDFLAGS = " ";
				OTHER_REZFLAGS = "";
				PRODUCT_NAME = ZERO_CHECK;
				SECTORDER_FLAGS = "";
				SYMROOT = /Users/jmpews/project/HookZz/examples/iOS/AArch64.ARMv8;
				USE_HEADERMAP = NO;
				WARNING_CFLAGS = ("-Wmost","-Wno-four-char-constants","-Wno-unknown-pragmas","$(inherited)");
			};
			name = MinSizeRel;
		};
		E5B94BF2D31F46939D50B91A /* Release */ = {
			isa = XCBuildConfiguration;
			buildSettings = {
				ARCHS = arm64;
				COMBINE_HIDPI_IMAGES = YES;
				CONFIGURATION_BUILD_DIR = /Users/jmpews/project/HookZz/examples/iOS/AArch64.ARMv8/build/Release;
				EXECUTABLE_PREFIX = lib;
				EXECUTABLE_SUFFIX = .a;
				GCC_GENERATE_DEBUGGING_SYMBOLS = NO;
				GCC_INLINES_ARE_PRIVATE_EXTERN = NO;
				GCC_OPTIMIZATION_LEVEL = 3;
				GCC_PREPROCESSOR_DEFINITIONS = ("'CMAKE_INTDIR=\"$(CONFIGURATION)$(EFFECTIVE_PLATFORM_NAME)\"'");
				GCC_SYMBOLS_PRIVATE_EXTERN = NO;
				HEADER_SEARCH_PATHS = (/Users/jmpews/project/HookZz/.,/Users/jmpews/project/HookZz/./include,/Users/jmpews/project/HookZz/./srcxx,/Users/jmpews/project/HookZz/./srcxx/UserMode,/Users/jmpews/project/HookZz/./OneLib/logging,/Users/jmpews/project/HookZz/./OneLib/stdcxx,/Users/jmpews/project/HookZz/./OneLib/include);
				INSTALL_PATH = "";
				LIBRARY_STYLE = STATIC;
				ONLY_ACTIVE_ARCH = NO;
				OTHER_CPLUSPLUSFLAGS = "-miphoneos-version-min=9.3  -fobjc-abi-version=2 -fno-objc-arc -miphoneos-version-min=9.3  -fobjc-abi-version=2 -fno-objc-arc  -miphoneos-version-min=9.3  -fvisibility=hidden -fvisibility-inlines-hidden -fobjc-abi-version=2 -fno-objc-arc -miphoneos-version-min=9.3  -fvisibility=hidden -fvisibility-inlines-hidden -fobjc-abi-version=2 -fno-objc-arc  -stdlib=libc++ -miphoneos-version-min=9.3  -fvisibility=hidden -fvisibility-inlines-hidden -fobjc-abi-version=2 -fno-objc-arc -miphoneos-version-min=9.3  -fvisibility=hidden -fvisibility-inlines-hidden -fobjc-abi-version=2 -fno-objc-arc  -DNDEBUG     -ffast-math  -miphoneos-version-min=9.3  -fvisibility=hidden -fvisibility-inlines-hidden -fobjc-abi-version=2 -fno-objc-arc  -DNDEBUG     -ffast-math   '-std=gnu++11'  ";
				OTHER_LIBTOOLFLAGS = " ";
				OTHER_REZFLAGS = "";
				PRODUCT_NAME = hookzz;
				SECTORDER_FLAGS = "";
				SYMROOT = /Users/jmpews/project/HookZz/examples/iOS/AArch64.ARMv8;
				USE_HEADERMAP = NO;
				WARNING_CFLAGS = ("-Wmost","-Wno-four-char-constants","-Wno-unknown-pragmas","$(inherited)");
			};
			name = Release;
		};
		EF23295BD7274BC89D91A6B4 /* RelWithDebInfo */ = {
			isa = XCBuildConfiguration;
			buildSettings = {
				ARCHS = arm64;
				COMBINE_HIDPI_IMAGES = YES;
				EXECUTABLE_PREFIX = lib;
				EXECUTABLE_SUFFIX = .a;
				GCC_GENERATE_DEBUGGING_SYMBOLS = YES;
				GCC_INLINES_ARE_PRIVATE_EXTERN = NO;
				GCC_OPTIMIZATION_LEVEL = 2;
				GCC_PREPROCESSOR_DEFINITIONS = ("'CMAKE_INTDIR=\"$(CONFIGURATION)$(EFFECTIVE_PLATFORM_NAME)\"'");
				GCC_SYMBOLS_PRIVATE_EXTERN = NO;
				HEADER_SEARCH_PATHS = (/Users/jmpews/project/HookZz/.,/Users/jmpews/project/HookZz/./include,/Users/jmpews/project/HookZz/./srcxx,/Users/jmpews/project/HookZz/./srcxx/UserMode,/Users/jmpews/project/HookZz/./OneLib/logging,/Users/jmpews/project/HookZz/./OneLib/stdcxx,/Users/jmpews/project/HookZz/./OneLib/include,/Users/jmpews/project/HookZz/OneLib/.,/Users/jmpews/project/HookZz/OneLib/./include,/Users/jmpews/project/HookZz/OneLib/stdcxx/.);
				INSTALL_PATH = "";
				LIBRARY_STYLE = STATIC;
				ONLY_ACTIVE_ARCH = NO;
				OTHER_CPLUSPLUSFLAGS = "-miphoneos-version-min=9.3  -fobjc-abi-version=2 -fno-objc-arc -miphoneos-version-min=9.3  -fobjc-abi-version=2 -fno-objc-arc  -miphoneos-version-min=9.3  -fvisibility=hidden -fvisibility-inlines-hidden -fobjc-abi-version=2 -fno-objc-arc -miphoneos-version-min=9.3  -fvisibility=hidden -fvisibility-inlines-hidden -fobjc-abi-version=2 -fno-objc-arc  -stdlib=libc++ -miphoneos-version-min=9.3  -fvisibility=hidden -fvisibility-inlines-hidden -fobjc-abi-version=2 -fno-objc-arc -miphoneos-version-min=9.3  -fvisibility=hidden -fvisibility-inlines-hidden -fobjc-abi-version=2 -fno-objc-arc  -DNDEBUG        -ffast-math  -miphoneos-version-min=9.3  -fvisibility=hidden -fvisibility-inlines-hidden -fobjc-abi-version=2 -fno-objc-arc  -DNDEBUG        -ffast-math   '-std=gnu++11'  ";
				OTHER_LIBTOOLFLAGS = " ";
				OTHER_REZFLAGS = "";
				PRODUCT_NAME = stdcxx;
				SECTORDER_FLAGS = "";
				SYMROOT = /Users/jmpews/project/HookZz/examples/iOS/AArch64.ARMv8/OneLib/stdcxx;
				USE_HEADERMAP = NO;
				WARNING_CFLAGS = ("-Wmost","-Wno-four-char-constants","-Wno-unknown-pragmas","$(inherited)");
			};
			name = RelWithDebInfo;
		};
		F78111105EAB45738B45C0C6 /* RelWithDebInfo */ = {
			isa = XCBuildConfiguration;
			buildSettings = {
				COMBINE_HIDPI_IMAGES = YES;
				GCC_GENERATE_DEBUGGING_SYMBOLS = YES;
				GCC_INLINES_ARE_PRIVATE_EXTERN = NO;
				GCC_OPTIMIZATION_LEVEL = 0;
				GCC_PREPROCESSOR_DEFINITIONS = ("'CMAKE_INTDIR=\"$(CONFIGURATION)$(EFFECTIVE_PLATFORM_NAME)\"'");
				GCC_SYMBOLS_PRIVATE_EXTERN = NO;
				INSTALL_PATH = "";
				OTHER_LDFLAGS = " ";
				OTHER_REZFLAGS = "";
				PRODUCT_NAME = ZERO_CHECK;
				SECTORDER_FLAGS = "";
				SYMROOT = /Users/jmpews/project/HookZz/examples/iOS/AArch64.ARMv8;
				USE_HEADERMAP = NO;
				WARNING_CFLAGS = ("-Wmost","-Wno-four-char-constants","-Wno-unknown-pragmas","$(inherited)");
			};
			name = RelWithDebInfo;
		};
		FAE444ED3C594CB5B6B8700D /* Debug */ = {
			isa = XCBuildConfiguration;
			buildSettings = {
				COMBINE_HIDPI_IMAGES = YES;
				GCC_GENERATE_DEBUGGING_SYMBOLS = YES;
				GCC_INLINES_ARE_PRIVATE_EXTERN = NO;
				GCC_OPTIMIZATION_LEVEL = 0;
				GCC_PREPROCESSOR_DEFINITIONS = ("'CMAKE_INTDIR=\"$(CONFIGURATION)$(EFFECTIVE_PLATFORM_NAME)\"'");
				GCC_SYMBOLS_PRIVATE_EXTERN = NO;
				INSTALL_PATH = "";
				OTHER_LDFLAGS = " ";
				OTHER_REZFLAGS = "";
				PRODUCT_NAME = ZERO_CHECK;
				SECTORDER_FLAGS = "";
				SYMROOT = /Users/jmpews/project/HookZz/examples/iOS/AArch64.ARMv8;
				USE_HEADERMAP = NO;
				WARNING_CFLAGS = ("-Wmost","-Wno-four-char-constants","-Wno-unknown-pragmas","$(inherited)");
			};
			name = Debug;
		};
		FF82CDF3EF3D44F6B7BCBC6B /* Debug */ = {
			isa = XCBuildConfiguration;
			buildSettings = {
				COMBINE_HIDPI_IMAGES = YES;
				GCC_GENERATE_DEBUGGING_SYMBOLS = YES;
				GCC_INLINES_ARE_PRIVATE_EXTERN = NO;
				GCC_OPTIMIZATION_LEVEL = 0;
				GCC_PREPROCESSOR_DEFINITIONS = ("'CMAKE_INTDIR=\"$(CONFIGURATION)$(EFFECTIVE_PLATFORM_NAME)\"'");
				GCC_SYMBOLS_PRIVATE_EXTERN = NO;
				INSTALL_PATH = "";
				OTHER_LDFLAGS = " ";
				OTHER_REZFLAGS = "";
				PRODUCT_NAME = ALL_BUILD;
				SECTORDER_FLAGS = "";
				SYMROOT = /Users/jmpews/project/HookZz/examples/iOS/AArch64.ARMv8;
				USE_HEADERMAP = NO;
				WARNING_CFLAGS = ("-Wmost","-Wno-four-char-constants","-Wno-unknown-pragmas","$(inherited)");
			};
			name = Debug;
		};
/* End XCBuildConfiguration section */

/* Begin XCConfigurationList section */
		08745AB0F0C84C84BBD78435 /* Build configuration list for PBXNativeTarget "hookzz" */ = {
			isa = XCConfigurationList;
			buildConfigurations = (
				5410314E34064F129E93D803 /* Debug */,
				E5B94BF2D31F46939D50B91A /* Release */,
				24BCA2878D024D02A5BFDCD4 /* MinSizeRel */,
				4BE2A9182A064F1C8DFFB17B /* RelWithDebInfo */,
			);
			defaultConfigurationIsVisible = 0;
			defaultConfigurationName = Debug;
		};
		120B37002F8B4E72A1780A7D /* Build configuration list for PBXNativeTarget "stdcxx" */ = {
			isa = XCConfigurationList;
			buildConfigurations = (
				87BE77B98A9F4D41AC017E0D /* Debug */,
				5C75B63C0C7641639FACDB94 /* Release */,
				D1743FD283724F2294C60F54 /* MinSizeRel */,
				EF23295BD7274BC89D91A6B4 /* RelWithDebInfo */,
			);
			defaultConfigurationIsVisible = 0;
			defaultConfigurationName = Debug;
		};
		4E5D2E1733FC4DBE95A44D5D /* Build configuration list for PBXProject "HookZz" */ = {
			isa = XCConfigurationList;
			buildConfigurations = (
				45E245FEC2264FD79BC583A8 /* Debug */,
				18D720E24C284C41BF895934 /* Release */,
				C28D2A447E214502A68281AA /* MinSizeRel */,
				CD494AA373FA418797D1DBEE /* RelWithDebInfo */,
			);
			defaultConfigurationIsVisible = 0;
			defaultConfigurationName = Debug;
		};
		70C5E1D8D9C642BA89CBABFE /* Build configuration list for PBXAggregateTarget "ALL_BUILD" */ = {
			isa = XCConfigurationList;
			buildConfigurations = (
				FF82CDF3EF3D44F6B7BCBC6B /* Debug */,
				5AEC69361D52423DB611F5FC /* Release */,
				120B2B6A2D464D1E9B0501C1 /* MinSizeRel */,
				5158EB73B47C456AA15C71DD /* RelWithDebInfo */,
			);
			defaultConfigurationIsVisible = 0;
			defaultConfigurationName = Debug;
		};
		CF1BFCBA40004A2288EB0DA0 /* Build configuration list for PBXAggregateTarget "ZERO_CHECK" */ = {
			isa = XCConfigurationList;
			buildConfigurations = (
				FAE444ED3C594CB5B6B8700D /* Debug */,
				C3DCE94244274970A633BFCE /* Release */,
				E09D3DA6748446F786860E1A /* MinSizeRel */,
				F78111105EAB45738B45C0C6 /* RelWithDebInfo */,
			);
			defaultConfigurationIsVisible = 0;
			defaultConfigurationName = Debug;
		};
		DED623F47B0B447F871EF0B3 /* Build configuration list for PBXNativeTarget "logging" */ = {
			isa = XCConfigurationList;
			buildConfigurations = (
				4CF1DBB689D24F5992D3ECF0 /* Debug */,
				995EB538CD1D4B05B5344A29 /* Release */,
				DC21B6BD483940D1B2BB80D4 /* MinSizeRel */,
				73250149A5C74853A6977A71 /* RelWithDebInfo */,
			);
			defaultConfigurationIsVisible = 0;
			defaultConfigurationName = Debug;
		};
/* End XCConfigurationList section */
	};
	rootObject = A32E9BEA990745FFB58E5C3E /* Project object */;
}
